// !$*UTF8*$!
{
	archiveVersion = 1;
	classes = {
	};
	objectVersion = 51;
	objects = {

/* Begin PBXBuildFile section */
		0A2E255624E29A9D00F3FD53 /* ExampleTests.m in Sources */ = {isa = PBXBuildFile; fileRef = 0A2E255524E29A9D00F3FD53 /* ExampleTests.m */; };
		0A2E255E24E29AF400F3FD53 /* HMHermesExecutorTests.m in Sources */ = {isa = PBXBuildFile; fileRef = 0A2E255D24E29AF400F3FD53 /* HMHermesExecutorTests.m */; };
		0ADDB28E24EA6764005B3BE5 /* HMJSCExecutorTests.m in Sources */ = {isa = PBXBuildFile; fileRef = 0ADDB28D24EA6764005B3BE5 /* HMJSCExecutorTests.m */; };
		187E74082473DB4800C1402A /* ViewController.m in Sources */ = {isa = PBXBuildFile; fileRef = 189FE1B82435E84B000F08AD /* ViewController.m */; };
		187E740B2473DB4F00C1402A /* LogInterceptor.m in Sources */ = {isa = PBXBuildFile; fileRef = 189FE1B92435E84B000F08AD /* LogInterceptor.m */; };
		189FE17F2435E769000F08AD /* AppDelegate.m in Sources */ = {isa = PBXBuildFile; fileRef = 189FE17E2435E769000F08AD /* AppDelegate.m */; };
		189FE18A2435E769000F08AD /* Assets.xcassets in Resources */ = {isa = PBXBuildFile; fileRef = 189FE1892435E769000F08AD /* Assets.xcassets */; };
		189FE18D2435E769000F08AD /* LaunchScreen.storyboard in Resources */ = {isa = PBXBuildFile; fileRef = 189FE18B2435E769000F08AD /* LaunchScreen.storyboard */; };
		189FE1902435E769000F08AD /* main.m in Sources */ = {isa = PBXBuildFile; fileRef = 189FE18F2435E769000F08AD /* main.m */; };
		18DB4C952547FE6D00F45377 /* HMRenderObjectTests.m in Sources */ = {isa = PBXBuildFile; fileRef = 18DB4C942547FE6D00F45377 /* HMRenderObjectTests.m */; };
		8BDCCCE8B0C70591F43519B4 /* libPods-ExampleTests.a in Frameworks */ = {isa = PBXBuildFile; fileRef = DEBF2C23C1BC6553EA59EC45 /* libPods-ExampleTests.a */; };
		DC44B8CB72CE9531DEEA3289 /* libPods-Example.a in Frameworks */ = {isa = PBXBuildFile; fileRef = 29919805D957B75519611A7C /* libPods-Example.a */; };
/* End PBXBuildFile section */

/* Begin PBXContainerItemProxy section */
		0A2E255824E29A9D00F3FD53 /* PBXContainerItemProxy */ = {
			isa = PBXContainerItemProxy;
			containerPortal = 189FE1722435E769000F08AD /* Project object */;
			proxyType = 1;
			remoteGlobalIDString = 189FE1792435E769000F08AD;
			remoteInfo = Example;
		};
/* End PBXContainerItemProxy section */

/* Begin PBXFileReference section */
		050C3E08DF5668E9A40DB121 /* Pods-Example.release.xcconfig */ = {isa = PBXFileReference; includeInIndex = 1; lastKnownFileType = text.xcconfig; name = "Pods-Example.release.xcconfig"; path = "Target Support Files/Pods-Example/Pods-Example.release.xcconfig"; sourceTree = "<group>"; };
		0A2E255324E29A9D00F3FD53 /* ExampleTests.xctest */ = {isa = PBXFileReference; explicitFileType = wrapper.cfbundle; includeInIndex = 0; path = ExampleTests.xctest; sourceTree = BUILT_PRODUCTS_DIR; };
		0A2E255524E29A9D00F3FD53 /* ExampleTests.m */ = {isa = PBXFileReference; lastKnownFileType = sourcecode.c.objc; path = ExampleTests.m; sourceTree = "<group>"; };
		0A2E255724E29A9D00F3FD53 /* Info.plist */ = {isa = PBXFileReference; lastKnownFileType = text.plist.xml; path = Info.plist; sourceTree = "<group>"; };
		0A2E255D24E29AF400F3FD53 /* HMHermesExecutorTests.m */ = {isa = PBXFileReference; lastKnownFileType = sourcecode.c.objc; path = HMHermesExecutorTests.m; sourceTree = "<group>"; };
		0ADDB28D24EA6764005B3BE5 /* HMJSCExecutorTests.m */ = {isa = PBXFileReference; lastKnownFileType = sourcecode.c.objc; path = HMJSCExecutorTests.m; sourceTree = "<group>"; };
		1810C3282435FC1B0052C5FF /* libc++.tbd */ = {isa = PBXFileReference; lastKnownFileType = "sourcecode.text-based-dylib-definition"; name = "libc++.tbd"; path = "usr/lib/libc++.tbd"; sourceTree = SDKROOT; };
		189FE17A2435E769000F08AD /* Example.app */ = {isa = PBXFileReference; explicitFileType = wrapper.application; includeInIndex = 0; path = Example.app; sourceTree = BUILT_PRODUCTS_DIR; };
		189FE17D2435E769000F08AD /* AppDelegate.h */ = {isa = PBXFileReference; lastKnownFileType = sourcecode.c.h; path = AppDelegate.h; sourceTree = "<group>"; };
		189FE17E2435E769000F08AD /* AppDelegate.m */ = {isa = PBXFileReference; lastKnownFileType = sourcecode.c.objc; path = AppDelegate.m; sourceTree = "<group>"; };
		189FE1832435E769000F08AD /* ViewController.h */ = {isa = PBXFileReference; lastKnownFileType = sourcecode.c.h; path = ViewController.h; sourceTree = "<group>"; };
		189FE1892435E769000F08AD /* Assets.xcassets */ = {isa = PBXFileReference; lastKnownFileType = folder.assetcatalog; path = Assets.xcassets; sourceTree = "<group>"; };
		189FE18C2435E769000F08AD /* Base */ = {isa = PBXFileReference; lastKnownFileType = file.storyboard; name = Base; path = Base.lproj/LaunchScreen.storyboard; sourceTree = "<group>"; };
		189FE18E2435E769000F08AD /* Info.plist */ = {isa = PBXFileReference; lastKnownFileType = text.plist.xml; path = Info.plist; sourceTree = "<group>"; };
		189FE18F2435E769000F08AD /* main.m */ = {isa = PBXFileReference; lastKnownFileType = sourcecode.c.objc; path = main.m; sourceTree = "<group>"; };
		189FE1B82435E84B000F08AD /* ViewController.m */ = {isa = PBXFileReference; fileEncoding = 4; lastKnownFileType = sourcecode.c.objc; path = ViewController.m; sourceTree = "<group>"; };
		189FE1B92435E84B000F08AD /* LogInterceptor.m */ = {isa = PBXFileReference; fileEncoding = 4; lastKnownFileType = sourcecode.c.objc; path = LogInterceptor.m; sourceTree = "<group>"; };
		189FE1BF2435E84C000F08AD /* LogInterceptor.h */ = {isa = PBXFileReference; fileEncoding = 4; lastKnownFileType = sourcecode.c.h; path = LogInterceptor.h; sourceTree = "<group>"; };
		18DB4C942547FE6D00F45377 /* HMRenderObjectTests.m */ = {isa = PBXFileReference; lastKnownFileType = sourcecode.c.objc; path = HMRenderObjectTests.m; sourceTree = "<group>"; };
		29919805D957B75519611A7C /* libPods-Example.a */ = {isa = PBXFileReference; explicitFileType = archive.ar; includeInIndex = 0; path = "libPods-Example.a"; sourceTree = BUILT_PRODUCTS_DIR; };
		6C5FA657633F6CA20AD1E013 /* Pods-Example.debug.xcconfig */ = {isa = PBXFileReference; includeInIndex = 1; lastKnownFileType = text.xcconfig; name = "Pods-Example.debug.xcconfig"; path = "Target Support Files/Pods-Example/Pods-Example.debug.xcconfig"; sourceTree = "<group>"; };
		96C8448E9EFCBBBB8898ADE5 /* Pods-ExampleTests.release.xcconfig */ = {isa = PBXFileReference; includeInIndex = 1; lastKnownFileType = text.xcconfig; name = "Pods-ExampleTests.release.xcconfig"; path = "Target Support Files/Pods-ExampleTests/Pods-ExampleTests.release.xcconfig"; sourceTree = "<group>"; };
		BBAFBEFD95CE5DE77D78BC65 /* Pods-ExampleTests.debug.xcconfig */ = {isa = PBXFileReference; includeInIndex = 1; lastKnownFileType = text.xcconfig; name = "Pods-ExampleTests.debug.xcconfig"; path = "Target Support Files/Pods-ExampleTests/Pods-ExampleTests.debug.xcconfig"; sourceTree = "<group>"; };
		DEBF2C23C1BC6553EA59EC45 /* libPods-ExampleTests.a */ = {isa = PBXFileReference; explicitFileType = archive.ar; includeInIndex = 0; path = "libPods-ExampleTests.a"; sourceTree = BUILT_PRODUCTS_DIR; };
/* End PBXFileReference section */

/* Begin PBXFrameworksBuildPhase section */
		0A2E255024E29A9D00F3FD53 /* Frameworks */ = {
			isa = PBXFrameworksBuildPhase;
			buildActionMask = 2147483647;
			files = (
				8BDCCCE8B0C70591F43519B4 /* libPods-ExampleTests.a in Frameworks */,
			);
			runOnlyForDeploymentPostprocessing = 0;
		};
		189FE1772435E769000F08AD /* Frameworks */ = {
			isa = PBXFrameworksBuildPhase;
			buildActionMask = 2147483647;
			files = (
				DC44B8CB72CE9531DEEA3289 /* libPods-Example.a in Frameworks */,
			);
			runOnlyForDeploymentPostprocessing = 0;
		};
/* End PBXFrameworksBuildPhase section */

/* Begin PBXGroup section */
		0A2E255424E29A9D00F3FD53 /* ExampleTests */ = {
			isa = PBXGroup;
			children = (
				0A2E255524E29A9D00F3FD53 /* ExampleTests.m */,
				0A2E255D24E29AF400F3FD53 /* HMHermesExecutorTests.m */,
				0ADDB28D24EA6764005B3BE5 /* HMJSCExecutorTests.m */,
				18DB4C942547FE6D00F45377 /* HMRenderObjectTests.m */,
				0A2E255724E29A9D00F3FD53 /* Info.plist */,
			);
			path = ExampleTests;
			sourceTree = "<group>";
		};
		189FE1712435E769000F08AD = {
			isa = PBXGroup;
			children = (
				189FE17C2435E769000F08AD /* Example */,
				0A2E255424E29A9D00F3FD53 /* ExampleTests */,
				189FE17B2435E769000F08AD /* Products */,
				8F4476F7938C1FAA86576826 /* Pods */,
				D10E3E4CC52901FABD55E132 /* Frameworks */,
			);
			sourceTree = "<group>";
		};
		189FE17B2435E769000F08AD /* Products */ = {
			isa = PBXGroup;
			children = (
				189FE17A2435E769000F08AD /* Example.app */,
				0A2E255324E29A9D00F3FD53 /* ExampleTests.xctest */,
			);
			name = Products;
			sourceTree = "<group>";
		};
		189FE17C2435E769000F08AD /* Example */ = {
			isa = PBXGroup;
			children = (
				189FE17D2435E769000F08AD /* AppDelegate.h */,
				189FE17E2435E769000F08AD /* AppDelegate.m */,
				189FE1BF2435E84C000F08AD /* LogInterceptor.h */,
				189FE1B92435E84B000F08AD /* LogInterceptor.m */,
				189FE1832435E769000F08AD /* ViewController.h */,
				189FE1B82435E84B000F08AD /* ViewController.m */,
				189FE1892435E769000F08AD /* Assets.xcassets */,
				189FE18B2435E769000F08AD /* LaunchScreen.storyboard */,
				189FE18E2435E769000F08AD /* Info.plist */,
				189FE18F2435E769000F08AD /* main.m */,
			);
			path = Example;
			sourceTree = "<group>";
		};
		8F4476F7938C1FAA86576826 /* Pods */ = {
			isa = PBXGroup;
			children = (
				6C5FA657633F6CA20AD1E013 /* Pods-Example.debug.xcconfig */,
				050C3E08DF5668E9A40DB121 /* Pods-Example.release.xcconfig */,
				BBAFBEFD95CE5DE77D78BC65 /* Pods-ExampleTests.debug.xcconfig */,
				96C8448E9EFCBBBB8898ADE5 /* Pods-ExampleTests.release.xcconfig */,
			);
			path = Pods;
			sourceTree = "<group>";
		};
		D10E3E4CC52901FABD55E132 /* Frameworks */ = {
			isa = PBXGroup;
			children = (
				1810C3282435FC1B0052C5FF /* libc++.tbd */,
				29919805D957B75519611A7C /* libPods-Example.a */,
				DEBF2C23C1BC6553EA59EC45 /* libPods-ExampleTests.a */,
			);
			name = Frameworks;
			sourceTree = "<group>";
		};
/* End PBXGroup section */

/* Begin PBXNativeTarget section */
		0A2E255224E29A9D00F3FD53 /* ExampleTests */ = {
			isa = PBXNativeTarget;
			buildConfigurationList = 0A2E255C24E29A9D00F3FD53 /* Build configuration list for PBXNativeTarget "ExampleTests" */;
			buildPhases = (
				9313EFE4F5E64115640EDE1B /* [CP] Check Pods Manifest.lock */,
				0A2E254F24E29A9D00F3FD53 /* Sources */,
				0A2E255024E29A9D00F3FD53 /* Frameworks */,
				0A2E255124E29A9D00F3FD53 /* Resources */,
			);
			buildRules = (
			);
			dependencies = (
				0A2E255924E29A9D00F3FD53 /* PBXTargetDependency */,
			);
			name = ExampleTests;
			productName = ExampleTests;
			productReference = 0A2E255324E29A9D00F3FD53 /* ExampleTests.xctest */;
			productType = "com.apple.product-type.bundle.unit-test";
		};
		189FE1792435E769000F08AD /* Example */ = {
			isa = PBXNativeTarget;
			buildConfigurationList = 189FE1A92435E76A000F08AD /* Build configuration list for PBXNativeTarget "Example" */;
			buildPhases = (
				83835D2C5918D124133309CC /* [CP] Check Pods Manifest.lock */,
				189FE1762435E769000F08AD /* Sources */,
				189FE1772435E769000F08AD /* Frameworks */,
				189FE1782435E769000F08AD /* Resources */,
				8D6F75638A9EE54CF81C4E82 /* [CP] Copy Pods Resources */,
			);
			buildRules = (
			);
			dependencies = (
			);
			name = Example;
			productName = Example;
			productReference = 189FE17A2435E769000F08AD /* Example.app */;
			productType = "com.apple.product-type.application";
		};
/* End PBXNativeTarget section */

/* Begin PBXProject section */
		189FE1722435E769000F08AD /* Project object */ = {
			isa = PBXProject;
			attributes = {
				LastUpgradeCheck = 1140;
				ORGANIZATIONNAME = Warmbloom;
				TargetAttributes = {
					0A2E255224E29A9D00F3FD53 = {
						CreatedOnToolsVersion = 11.5;
						TestTargetID = 189FE1792435E769000F08AD;
					};
					189FE1792435E769000F08AD = {
						CreatedOnToolsVersion = 11.4;
					};
				};
			};
			buildConfigurationList = 189FE1752435E769000F08AD /* Build configuration list for PBXProject "Example" */;
			compatibilityVersion = "Xcode 9.3";
			developmentRegion = en;
			hasScannedForEncodings = 0;
			knownRegions = (
				en,
				Base,
			);
			mainGroup = 189FE1712435E769000F08AD;
			productRefGroup = 189FE17B2435E769000F08AD /* Products */;
			projectDirPath = "";
			projectRoot = "";
			targets = (
				189FE1792435E769000F08AD /* Example */,
				0A2E255224E29A9D00F3FD53 /* ExampleTests */,
			);
		};
/* End PBXProject section */

/* Begin PBXResourcesBuildPhase section */
		0A2E255124E29A9D00F3FD53 /* Resources */ = {
			isa = PBXResourcesBuildPhase;
			buildActionMask = 2147483647;
			files = (
			);
			runOnlyForDeploymentPostprocessing = 0;
		};
		189FE1782435E769000F08AD /* Resources */ = {
			isa = PBXResourcesBuildPhase;
			buildActionMask = 2147483647;
			files = (
				189FE18D2435E769000F08AD /* LaunchScreen.storyboard in Resources */,
				189FE18A2435E769000F08AD /* Assets.xcassets in Resources */,
			);
			runOnlyForDeploymentPostprocessing = 0;
		};
/* End PBXResourcesBuildPhase section */

/* Begin PBXShellScriptBuildPhase section */
		83835D2C5918D124133309CC /* [CP] Check Pods Manifest.lock */ = {
			isa = PBXShellScriptBuildPhase;
			buildActionMask = 2147483647;
			files = (
			);
			inputFileListPaths = (
			);
			inputPaths = (
				"${PODS_PODFILE_DIR_PATH}/Podfile.lock",
				"${PODS_ROOT}/Manifest.lock",
			);
			name = "[CP] Check Pods Manifest.lock";
			outputFileListPaths = (
			);
			outputPaths = (
				"$(DERIVED_FILE_DIR)/Pods-Example-checkManifestLockResult.txt",
			);
			runOnlyForDeploymentPostprocessing = 0;
			shellPath = /bin/sh;
			shellScript = "diff \"${PODS_PODFILE_DIR_PATH}/Podfile.lock\" \"${PODS_ROOT}/Manifest.lock\" > /dev/null\nif [ $? != 0 ] ; then\n    # print error to STDERR\n    echo \"error: The sandbox is not in sync with the Podfile.lock. Run 'pod install' or update your CocoaPods installation.\" >&2\n    exit 1\nfi\n# This output is used by Xcode 'outputs' to avoid re-running this script phase.\necho \"SUCCESS\" > \"${SCRIPT_OUTPUT_FILE_0}\"\n";
			showEnvVarsInLog = 0;
		};
		8D6F75638A9EE54CF81C4E82 /* [CP] Copy Pods Resources */ = {
			isa = PBXShellScriptBuildPhase;
			buildActionMask = 2147483647;
			files = (
			);
			inputFileListPaths = (
				"${PODS_ROOT}/Target Support Files/Pods-Example/Pods-Example-resources-${CONFIGURATION}-input-files.xcfilelist",
			);
			name = "[CP] Copy Pods Resources";
			outputFileListPaths = (
				"${PODS_ROOT}/Target Support Files/Pods-Example/Pods-Example-resources-${CONFIGURATION}-output-files.xcfilelist",
			);
			runOnlyForDeploymentPostprocessing = 0;
			shellPath = /bin/sh;
			shellScript = "\"${PODS_ROOT}/Target Support Files/Pods-Example/Pods-Example-resources.sh\"\n";
			showEnvVarsInLog = 0;
		};
		9313EFE4F5E64115640EDE1B /* [CP] Check Pods Manifest.lock */ = {
			isa = PBXShellScriptBuildPhase;
			buildActionMask = 2147483647;
			files = (
			);
			inputFileListPaths = (
			);
			inputPaths = (
				"${PODS_PODFILE_DIR_PATH}/Podfile.lock",
				"${PODS_ROOT}/Manifest.lock",
			);
			name = "[CP] Check Pods Manifest.lock";
			outputFileListPaths = (
			);
			outputPaths = (
				"$(DERIVED_FILE_DIR)/Pods-ExampleTests-checkManifestLockResult.txt",
			);
			runOnlyForDeploymentPostprocessing = 0;
			shellPath = /bin/sh;
			shellScript = "diff \"${PODS_PODFILE_DIR_PATH}/Podfile.lock\" \"${PODS_ROOT}/Manifest.lock\" > /dev/null\nif [ $? != 0 ] ; then\n    # print error to STDERR\n    echo \"error: The sandbox is not in sync with the Podfile.lock. Run 'pod install' or update your CocoaPods installation.\" >&2\n    exit 1\nfi\n# This output is used by Xcode 'outputs' to avoid re-running this script phase.\necho \"SUCCESS\" > \"${SCRIPT_OUTPUT_FILE_0}\"\n";
			showEnvVarsInLog = 0;
		};
/* End PBXShellScriptBuildPhase section */

/* Begin PBXSourcesBuildPhase section */
		0A2E254F24E29A9D00F3FD53 /* Sources */ = {
			isa = PBXSourcesBuildPhase;
			buildActionMask = 2147483647;
			files = (
				0A2E255624E29A9D00F3FD53 /* ExampleTests.m in Sources */,
				0ADDB28E24EA6764005B3BE5 /* HMJSCExecutorTests.m in Sources */,
				0A2E255E24E29AF400F3FD53 /* HMHermesExecutorTests.m in Sources */,
				18DB4C952547FE6D00F45377 /* HMRenderObjectTests.m in Sources */,
			);
			runOnlyForDeploymentPostprocessing = 0;
		};
		189FE1762435E769000F08AD /* Sources */ = {
			isa = PBXSourcesBuildPhase;
			buildActionMask = 2147483647;
			files = (
				187E740B2473DB4F00C1402A /* LogInterceptor.m in Sources */,
				189FE17F2435E769000F08AD /* AppDelegate.m in Sources */,
				187E74082473DB4800C1402A /* ViewController.m in Sources */,
				189FE1902435E769000F08AD /* main.m in Sources */,
			);
			runOnlyForDeploymentPostprocessing = 0;
		};
/* End PBXSourcesBuildPhase section */

/* Begin PBXTargetDependency section */
		0A2E255924E29A9D00F3FD53 /* PBXTargetDependency */ = {
			isa = PBXTargetDependency;
			target = 189FE1792435E769000F08AD /* Example */;
			targetProxy = 0A2E255824E29A9D00F3FD53 /* PBXContainerItemProxy */;
		};
/* End PBXTargetDependency section */

/* Begin PBXVariantGroup section */
		189FE18B2435E769000F08AD /* LaunchScreen.storyboard */ = {
			isa = PBXVariantGroup;
			children = (
				189FE18C2435E769000F08AD /* Base */,
			);
			name = LaunchScreen.storyboard;
			sourceTree = "<group>";
		};
/* End PBXVariantGroup section */

/* Begin XCBuildConfiguration section */
		0A2E255A24E29A9D00F3FD53 /* Debug */ = {
			isa = XCBuildConfiguration;
			baseConfigurationReference = BBAFBEFD95CE5DE77D78BC65 /* Pods-ExampleTests.debug.xcconfig */;
			buildSettings = {
				BUNDLE_LOADER = "$(TEST_HOST)";
				CODE_SIGN_STYLE = Automatic;
				INFOPLIST_FILE = ExampleTests/Info.plist;
				IPHONEOS_DEPLOYMENT_TARGET = 13.5;
				LD_RUNPATH_SEARCH_PATHS = (
					"$(inherited)",
					"@executable_path/Frameworks",
					"@loader_path/Frameworks",
				);
				PRODUCT_BUNDLE_IDENTIFIER = test.ExampleTests;
				PRODUCT_NAME = "$(TARGET_NAME)";
				TARGETED_DEVICE_FAMILY = "1,2";
				TEST_HOST = "$(BUILT_PRODUCTS_DIR)/Example.app/Example";
			};
			name = Debug;
		};
		0A2E255B24E29A9D00F3FD53 /* Release */ = {
			isa = XCBuildConfiguration;
			baseConfigurationReference = 96C8448E9EFCBBBB8898ADE5 /* Pods-ExampleTests.release.xcconfig */;
			buildSettings = {
				BUNDLE_LOADER = "$(TEST_HOST)";
				CODE_SIGN_STYLE = Automatic;
				INFOPLIST_FILE = ExampleTests/Info.plist;
				IPHONEOS_DEPLOYMENT_TARGET = 13.5;
				LD_RUNPATH_SEARCH_PATHS = (
					"$(inherited)",
					"@executable_path/Frameworks",
					"@loader_path/Frameworks",
				);
				PRODUCT_BUNDLE_IDENTIFIER = test.ExampleTests;
				PRODUCT_NAME = "$(TARGET_NAME)";
				TARGETED_DEVICE_FAMILY = "1,2";
				TEST_HOST = "$(BUILT_PRODUCTS_DIR)/Example.app/Example";
			};
			name = Release;
		};
		189FE1A72435E76A000F08AD /* Debug */ = {
			isa = XCBuildConfiguration;
			buildSettings = {
				ALWAYS_SEARCH_USER_PATHS = NO;
				CLANG_ANALYZER_NONNULL = YES;
				CLANG_ANALYZER_NUMBER_OBJECT_CONVERSION = YES_AGGRESSIVE;
				CLANG_CXX_LANGUAGE_STANDARD = "gnu++14";
				CLANG_CXX_LIBRARY = "libc++";
				CLANG_ENABLE_MODULES = YES;
				CLANG_ENABLE_OBJC_ARC = YES;
				CLANG_ENABLE_OBJC_WEAK = YES;
				CLANG_WARN_BLOCK_CAPTURE_AUTORELEASING = YES;
				CLANG_WARN_BOOL_CONVERSION = YES;
				CLANG_WARN_COMMA = YES;
				CLANG_WARN_CONSTANT_CONVERSION = YES;
				CLANG_WARN_DEPRECATED_OBJC_IMPLEMENTATIONS = YES;
				CLANG_WARN_DIRECT_OBJC_ISA_USAGE = YES_ERROR;
				CLANG_WARN_DOCUMENTATION_COMMENTS = YES;
				CLANG_WARN_EMPTY_BODY = YES;
				CLANG_WARN_ENUM_CONVERSION = YES;
				CLANG_WARN_INFINITE_RECURSION = YES;
				CLANG_WARN_INT_CONVERSION = YES;
				CLANG_WARN_NON_LITERAL_NULL_CONVERSION = YES;
				CLANG_WARN_OBJC_IMPLICIT_RETAIN_SELF = YES;
				CLANG_WARN_OBJC_LITERAL_CONVERSION = YES;
				CLANG_WARN_OBJC_ROOT_CLASS = YES_ERROR;
				CLANG_WARN_RANGE_LOOP_ANALYSIS = YES;
				CLANG_WARN_STRICT_PROTOTYPES = YES;
				CLANG_WARN_SUSPICIOUS_MOVE = YES;
				CLANG_WARN_UNGUARDED_AVAILABILITY = YES_AGGRESSIVE;
				CLANG_WARN_UNREACHABLE_CODE = YES;
				CLANG_WARN__DUPLICATE_METHOD_MATCH = YES;
				COPY_PHASE_STRIP = NO;
				DEBUG_INFORMATION_FORMAT = dwarf;
				ENABLE_STRICT_OBJC_MSGSEND = YES;
				ENABLE_TESTABILITY = YES;
				GCC_C_LANGUAGE_STANDARD = gnu11;
				GCC_DYNAMIC_NO_PIC = NO;
				GCC_NO_COMMON_BLOCKS = YES;
				GCC_OPTIMIZATION_LEVEL = 0;
				GCC_PREPROCESSOR_DEFINITIONS = (
					"DEBUG=1",
					"$(inherited)",
				);
				GCC_WARN_64_TO_32_BIT_CONVERSION = YES;
				GCC_WARN_ABOUT_RETURN_TYPE = YES_ERROR;
				GCC_WARN_UNDECLARED_SELECTOR = YES;
				GCC_WARN_UNINITIALIZED_AUTOS = YES_AGGRESSIVE;
				GCC_WARN_UNUSED_FUNCTION = YES;
				GCC_WARN_UNUSED_VARIABLE = YES;
				IPHONEOS_DEPLOYMENT_TARGET = 13.4;
				MTL_ENABLE_DEBUG_INFO = INCLUDE_SOURCE;
				MTL_FAST_MATH = YES;
				ONLY_ACTIVE_ARCH = YES;
				SDKROOT = iphoneos;
			};
			name = Debug;
		};
		189FE1A82435E76A000F08AD /* Release */ = {
			isa = XCBuildConfiguration;
			buildSettings = {
				ALWAYS_SEARCH_USER_PATHS = NO;
				CLANG_ANALYZER_NONNULL = YES;
				CLANG_ANALYZER_NUMBER_OBJECT_CONVERSION = YES_AGGRESSIVE;
				CLANG_CXX_LANGUAGE_STANDARD = "gnu++14";
				CLANG_CXX_LIBRARY = "libc++";
				CLANG_ENABLE_MODULES = YES;
				CLANG_ENABLE_OBJC_ARC = YES;
				CLANG_ENABLE_OBJC_WEAK = YES;
				CLANG_WARN_BLOCK_CAPTURE_AUTORELEASING = YES;
				CLANG_WARN_BOOL_CONVERSION = YES;
				CLANG_WARN_COMMA = YES;
				CLANG_WARN_CONSTANT_CONVERSION = YES;
				CLANG_WARN_DEPRECATED_OBJC_IMPLEMENTATIONS = YES;
				CLANG_WARN_DIRECT_OBJC_ISA_USAGE = YES_ERROR;
				CLANG_WARN_DOCUMENTATION_COMMENTS = YES;
				CLANG_WARN_EMPTY_BODY = YES;
				CLANG_WARN_ENUM_CONVERSION = YES;
				CLANG_WARN_INFINITE_RECURSION = YES;
				CLANG_WARN_INT_CONVERSION = YES;
				CLANG_WARN_NON_LITERAL_NULL_CONVERSION = YES;
				CLANG_WARN_OBJC_IMPLICIT_RETAIN_SELF = YES;
				CLANG_WARN_OBJC_LITERAL_CONVERSION = YES;
				CLANG_WARN_OBJC_ROOT_CLASS = YES_ERROR;
				CLANG_WARN_RANGE_LOOP_ANALYSIS = YES;
				CLANG_WARN_STRICT_PROTOTYPES = YES;
				CLANG_WARN_SUSPICIOUS_MOVE = YES;
				CLANG_WARN_UNGUARDED_AVAILABILITY = YES_AGGRESSIVE;
				CLANG_WARN_UNREACHABLE_CODE = YES;
				CLANG_WARN__DUPLICATE_METHOD_MATCH = YES;
				COPY_PHASE_STRIP = NO;
				DEBUG_INFORMATION_FORMAT = "dwarf-with-dsym";
				ENABLE_NS_ASSERTIONS = NO;
				ENABLE_STRICT_OBJC_MSGSEND = YES;
				GCC_C_LANGUAGE_STANDARD = gnu11;
				GCC_NO_COMMON_BLOCKS = YES;
				GCC_WARN_64_TO_32_BIT_CONVERSION = YES;
				GCC_WARN_ABOUT_RETURN_TYPE = YES_ERROR;
				GCC_WARN_UNDECLARED_SELECTOR = YES;
				GCC_WARN_UNINITIALIZED_AUTOS = YES_AGGRESSIVE;
				GCC_WARN_UNUSED_FUNCTION = YES;
				GCC_WARN_UNUSED_VARIABLE = YES;
				IPHONEOS_DEPLOYMENT_TARGET = 13.4;
				MTL_ENABLE_DEBUG_INFO = NO;
				MTL_FAST_MATH = YES;
				SDKROOT = iphoneos;
				VALIDATE_PRODUCT = YES;
			};
			name = Release;
		};
		189FE1AA2435E76A000F08AD /* Debug */ = {
			isa = XCBuildConfiguration;
			baseConfigurationReference = 6C5FA657633F6CA20AD1E013 /* Pods-Example.debug.xcconfig */;
			buildSettings = {
				ASSETCATALOG_COMPILER_APPICON_NAME = AppIcon;
				CODE_SIGN_STYLE = Automatic;
				INFOPLIST_FILE = Example/Info.plist;
				IPHONEOS_DEPLOYMENT_TARGET = 9.0;
				LD_RUNPATH_SEARCH_PATHS = (
					"$(inherited)",
					"@executable_path/Frameworks",
				);
				PRODUCT_BUNDLE_IDENTIFIER = com.warmbloom.Example;
				PRODUCT_NAME = "$(TARGET_NAME)";
				TARGETED_DEVICE_FAMILY = "1,2";
			};
			name = Debug;
		};
		189FE1AB2435E76A000F08AD /* Release */ = {
			isa = XCBuildConfiguration;
			baseConfigurationReference = 050C3E08DF5668E9A40DB121 /* Pods-Example.release.xcconfig */;
			buildSettings = {
				ASSETCATALOG_COMPILER_APPICON_NAME = AppIcon;
				CODE_SIGN_STYLE = Automatic;
				INFOPLIST_FILE = Example/Info.plist;
				IPHONEOS_DEPLOYMENT_TARGET = 9.0;
				LD_RUNPATH_SEARCH_PATHS = (
					"$(inherited)",
					"@executable_path/Frameworks",
				);
				PRODUCT_BUNDLE_IDENTIFIER = com.warmbloom.Example;
				PRODUCT_NAME = "$(TARGET_NAME)";
				TARGETED_DEVICE_FAMILY = "1,2";
			};
			name = Release;
		};
/* End XCBuildConfiguration section */

/* Begin XCConfigurationList section */
		0A2E255C24E29A9D00F3FD53 /* Build configuration list for PBXNativeTarget "ExampleTests" */ = {
			isa = XCConfigurationList;
			buildConfigurations = (
				0A2E255A24E29A9D00F3FD53 /* Debug */,
				0A2E255B24E29A9D00F3FD53 /* Release */,
			);
			defaultConfigurationIsVisible = 0;
			defaultConfigurationName = Release;
		};
		189FE1752435E769000F08AD /* Build configuration list for PBXProject "Example" */ = {
			isa = XCConfigurationList;
			buildConfigurations = (
				189FE1A72435E76A000F08AD /* Debug */,
				189FE1A82435E76A000F08AD /* Release */,
			);
			defaultConfigurationIsVisible = 0;
			defaultConfigurationName = Release;
		};
		189FE1A92435E76A000F08AD /* Build configuration list for PBXNativeTarget "Example" */ = {
			isa = XCConfigurationList;
			buildConfigurations = (
				189FE1AA2435E76A000F08AD /* Debug */,
				189FE1AB2435E76A000F08AD /* Release */,
			);
			defaultConfigurationIsVisible = 0;
			defaultConfigurationName = Release;
		};
/* End XCConfigurationList section */
	};
	rootObject = 189FE1722435E769000F08AD /* Project object */;
}
