// !$*UTF8*$!
{
	archiveVersion = 1;
	classes = {
	};
	objectVersion = 50;
	objects = {

/* Begin PBXBuildFile section */
		18D61C4925A7167B008D2CB0 /* AppDelegate.swift in Sources */ = {isa = PBXBuildFile; fileRef = 18D61C4825A7167B008D2CB0 /* AppDelegate.swift */; };
		18D61C4B25A7167B008D2CB0 /* SceneDelegate.swift in Sources */ = {isa = PBXBuildFile; fileRef = 18D61C4A25A7167B008D2CB0 /* SceneDelegate.swift */; };
		18D61C4D25A7167B008D2CB0 /* ViewController.swift in Sources */ = {isa = PBXBuildFile; fileRef = 18D61C4C25A7167B008D2CB0 /* ViewController.swift */; };
		18D61C5025A7167B008D2CB0 /* Main.storyboard in Resources */ = {isa = PBXBuildFile; fileRef = 18D61C4E25A7167B008D2CB0 /* Main.storyboard */; };
		18D61C5225A7167D008D2CB0 /* Assets.xcassets in Resources */ = {isa = PBXBuildFile; fileRef = 18D61C5125A7167D008D2CB0 /* Assets.xcassets */; };
		18D61C5525A7167D008D2CB0 /* LaunchScreen.storyboard in Resources */ = {isa = PBXBuildFile; fileRef = 18D61C5325A7167D008D2CB0 /* LaunchScreen.storyboard */; };
		18D61C6025A7167D008D2CB0 /* ExampleTests.swift in Sources */ = {isa = PBXBuildFile; fileRef = 18D61C5F25A7167D008D2CB0 /* ExampleTests.swift */; };
		18D61C6B25A7167D008D2CB0 /* ExampleUITests.swift in Sources */ = {isa = PBXBuildFile; fileRef = 18D61C6A25A7167D008D2CB0 /* ExampleUITests.swift */; };
/* End PBXBuildFile section */

/* Begin PBXContainerItemProxy section */
		18D61C5C25A7167D008D2CB0 /* PBXContainerItemProxy */ = {
			isa = PBXContainerItemProxy;
			containerPortal = 18D61C3D25A7167B008D2CB0 /* Project object */;
			proxyType = 1;
			remoteGlobalIDString = 18D61C4425A7167B008D2CB0;
			remoteInfo = Example;
		};
		18D61C6725A7167D008D2CB0 /* PBXContainerItemProxy */ = {
			isa = PBXContainerItemProxy;
			containerPortal = 18D61C3D25A7167B008D2CB0 /* Project object */;
			proxyType = 1;
			remoteGlobalIDString = 18D61C4425A7167B008D2CB0;
			remoteInfo = Example;
		};
/* End PBXContainerItemProxy section */

/* Begin PBXFileReference section */
		18D61C4525A7167B008D2CB0 /* Example.app */ = {isa = PBXFileReference; explicitFileType = wrapper.application; includeInIndex = 0; path = Example.app; sourceTree = BUILT_PRODUCTS_DIR; };
		18D61C4825A7167B008D2CB0 /* AppDelegate.swift */ = {isa = PBXFileReference; lastKnownFileType = sourcecode.swift; path = AppDelegate.swift; sourceTree = "<group>"; };
		18D61C4A25A7167B008D2CB0 /* SceneDelegate.swift */ = {isa = PBXFileReference; lastKnownFileType = sourcecode.swift; path = SceneDelegate.swift; sourceTree = "<group>"; };
		18D61C4C25A7167B008D2CB0 /* ViewController.swift */ = {isa = PBXFileReference; lastKnownFileType = sourcecode.swift; path = ViewController.swift; sourceTree = "<group>"; };
		18D61C4F25A7167B008D2CB0 /* Base */ = {isa = PBXFileReference; lastKnownFileType = file.storyboard; name = Base; path = Base.lproj/Main.storyboard; sourceTree = "<group>"; };
		18D61C5125A7167D008D2CB0 /* Assets.xcassets */ = {isa = PBXFileReference; lastKnownFileType = folder.assetcatalog; path = Assets.xcassets; sourceTree = "<group>"; };
		18D61C5425A7167D008D2CB0 /* Base */ = {isa = PBXFileReference; lastKnownFileType = file.storyboard; name = Base; path = Base.lproj/LaunchScreen.storyboard; sourceTree = "<group>"; };
		18D61C5625A7167D008D2CB0 /* Info.plist */ = {isa = PBXFileReference; lastKnownFileType = text.plist.xml; path = Info.plist; sourceTree = "<group>"; };
		18D61C5B25A7167D008D2CB0 /* ExampleTests.xctest */ = {isa = PBXFileReference; explicitFileType = wrapper.cfbundle; includeInIndex = 0; path = ExampleTests.xctest; sourceTree = BUILT_PRODUCTS_DIR; };
		18D61C5F25A7167D008D2CB0 /* ExampleTests.swift */ = {isa = PBXFileReference; lastKnownFileType = sourcecode.swift; path = ExampleTests.swift; sourceTree = "<group>"; };
		18D61C6125A7167D008D2CB0 /* Info.plist */ = {isa = PBXFileReference; lastKnownFileType = text.plist.xml; path = Info.plist; sourceTree = "<group>"; };
		18D61C6625A7167D008D2CB0 /* ExampleUITests.xctest */ = {isa = PBXFileReference; explicitFileType = wrapper.cfbundle; includeInIndex = 0; path = ExampleUITests.xctest; sourceTree = BUILT_PRODUCTS_DIR; };
		18D61C6A25A7167D008D2CB0 /* ExampleUITests.swift */ = {isa = PBXFileReference; lastKnownFileType = sourcecode.swift; path = ExampleUITests.swift; sourceTree = "<group>"; };
		18D61C6C25A7167D008D2CB0 /* Info.plist */ = {isa = PBXFileReference; lastKnownFileType = text.plist.xml; path = Info.plist; sourceTree = "<group>"; };
/* End PBXFileReference section */

/* Begin PBXFrameworksBuildPhase section */
		18D61C4225A7167B008D2CB0 /* Frameworks */ = {
			isa = PBXFrameworksBuildPhase;
			buildActionMask = 2147483647;
			files = (
			);
			runOnlyForDeploymentPostprocessing = 0;
		};
		18D61C5825A7167D008D2CB0 /* Frameworks */ = {
			isa = PBXFrameworksBuildPhase;
			buildActionMask = 2147483647;
			files = (
			);
			runOnlyForDeploymentPostprocessing = 0;
		};
		18D61C6325A7167D008D2CB0 /* Frameworks */ = {
			isa = PBXFrameworksBuildPhase;
			buildActionMask = 2147483647;
			files = (
			);
			runOnlyForDeploymentPostprocessing = 0;
		};
/* End PBXFrameworksBuildPhase section */

/* Begin PBXGroup section */
		18D61C3C25A7167B008D2CB0 = {
			isa = PBXGroup;
			children = (
				18D61C4725A7167B008D2CB0 /* Example */,
				18D61C5E25A7167D008D2CB0 /* ExampleTests */,
				18D61C6925A7167D008D2CB0 /* ExampleUITests */,
				18D61C4625A7167B008D2CB0 /* Products */,
			);
			sourceTree = "<group>";
		};
		18D61C4625A7167B008D2CB0 /* Products */ = {
			isa = PBXGroup;
			children = (
				18D61C4525A7167B008D2CB0 /* Example.app */,
				18D61C5B25A7167D008D2CB0 /* ExampleTests.xctest */,
				18D61C6625A7167D008D2CB0 /* ExampleUITests.xctest */,
			);
			name = Products;
			sourceTree = "<group>";
		};
		18D61C4725A7167B008D2CB0 /* Example */ = {
			isa = PBXGroup;
			children = (
				18D61C4825A7167B008D2CB0 /* AppDelegate.swift */,
				18D61C4A25A7167B008D2CB0 /* SceneDelegate.swift */,
				18D61C4C25A7167B008D2CB0 /* ViewController.swift */,
				18D61C4E25A7167B008D2CB0 /* Main.storyboard */,
				18D61C5125A7167D008D2CB0 /* Assets.xcassets */,
				18D61C5325A7167D008D2CB0 /* LaunchScreen.storyboard */,
				18D61C5625A7167D008D2CB0 /* Info.plist */,
			);
			path = Example;
			sourceTree = "<group>";
		};
		18D61C5E25A7167D008D2CB0 /* ExampleTests */ = {
			isa = PBXGroup;
			children = (
				18D61C5F25A7167D008D2CB0 /* ExampleTests.swift */,
				18D61C6125A7167D008D2CB0 /* Info.plist */,
			);
			path = ExampleTests;
			sourceTree = "<group>";
		};
		18D61C6925A7167D008D2CB0 /* ExampleUITests */ = {
			isa = PBXGroup;
			children = (
				18D61C6A25A7167D008D2CB0 /* ExampleUITests.swift */,
				18D61C6C25A7167D008D2CB0 /* Info.plist */,
			);
			path = ExampleUITests;
			sourceTree = "<group>";
		};
/* End PBXGroup section */

/* Begin PBXNativeTarget section */
		18D61C4425A7167B008D2CB0 /* Example */ = {
			isa = PBXNativeTarget;
			buildConfigurationList = 18D61C6F25A7167D008D2CB0 /* Build configuration list for PBXNativeTarget "Example" */;
			buildPhases = (
				18D61C4125A7167B008D2CB0 /* Sources */,
				18D61C4225A7167B008D2CB0 /* Frameworks */,
				18D61C4325A7167B008D2CB0 /* Resources */,
			);
			buildRules = (
			);
			dependencies = (
			);
			name = Example;
			productName = Example;
			productReference = 18D61C4525A7167B008D2CB0 /* Example.app */;
			productType = "com.apple.product-type.application";
		};
		18D61C5A25A7167D008D2CB0 /* ExampleTests */ = {
			isa = PBXNativeTarget;
			buildConfigurationList = 18D61C7225A7167D008D2CB0 /* Build configuration list for PBXNativeTarget "ExampleTests" */;
			buildPhases = (
				18D61C5725A7167D008D2CB0 /* Sources */,
				18D61C5825A7167D008D2CB0 /* Frameworks */,
				18D61C5925A7167D008D2CB0 /* Resources */,
			);
			buildRules = (
			);
			dependencies = (
				18D61C5D25A7167D008D2CB0 /* PBXTargetDependency */,
			);
			name = ExampleTests;
			productName = ExampleTests;
			productReference = 18D61C5B25A7167D008D2CB0 /* ExampleTests.xctest */;
			productType = "com.apple.product-type.bundle.unit-test";
		};
		18D61C6525A7167D008D2CB0 /* ExampleUITests */ = {
			isa = PBXNativeTarget;
			buildConfigurationList = 18D61C7525A7167D008D2CB0 /* Build configuration list for PBXNativeTarget "ExampleUITests" */;
			buildPhases = (
				18D61C6225A7167D008D2CB0 /* Sources */,
				18D61C6325A7167D008D2CB0 /* Frameworks */,
				18D61C6425A7167D008D2CB0 /* Resources */,
			);
			buildRules = (
			);
			dependencies = (
				18D61C6825A7167D008D2CB0 /* PBXTargetDependency */,
			);
			name = ExampleUITests;
			productName = ExampleUITests;
			productReference = 18D61C6625A7167D008D2CB0 /* ExampleUITests.xctest */;
			productType = "com.apple.product-type.bundle.ui-testing";
		};
/* End PBXNativeTarget section */

/* Begin PBXProject section */
		18D61C3D25A7167B008D2CB0 /* Project object */ = {
			isa = PBXProject;
			attributes = {
				LastSwiftUpdateCheck = 1230;
				LastUpgradeCheck = 1230;
				TargetAttributes = {
					18D61C4425A7167B008D2CB0 = {
						CreatedOnToolsVersion = 12.3;
					};
					18D61C5A25A7167D008D2CB0 = {
						CreatedOnToolsVersion = 12.3;
						TestTargetID = 18D61C4425A7167B008D2CB0;
					};
					18D61C6525A7167D008D2CB0 = {
						CreatedOnToolsVersion = 12.3;
						TestTargetID = 18D61C4425A7167B008D2CB0;
					};
				};
			};
			buildConfigurationList = 18D61C4025A7167B008D2CB0 /* Build configuration list for PBXProject "Example" */;
			compatibilityVersion = "Xcode 9.3";
			developmentRegion = en;
			hasScannedForEncodings = 0;
			knownRegions = (
				en,
				Base,
			);
			mainGroup = 18D61C3C25A7167B008D2CB0;
			productRefGroup = 18D61C4625A7167B008D2CB0 /* Products */;
			projectDirPath = "";
			projectRoot = "";
			targets = (
				18D61C4425A7167B008D2CB0 /* Example */,
				18D61C5A25A7167D008D2CB0 /* ExampleTests */,
				18D61C6525A7167D008D2CB0 /* ExampleUITests */,
			);
		};
/* End PBXProject section */

/* Begin PBXResourcesBuildPhase section */
		18D61C4325A7167B008D2CB0 /* Resources */ = {
			isa = PBXResourcesBuildPhase;
			buildActionMask = 2147483647;
			files = (
				18D61C5525A7167D008D2CB0 /* LaunchScreen.storyboard in Resources */,
				18D61C5225A7167D008D2CB0 /* Assets.xcassets in Resources */,
				18D61C5025A7167B008D2CB0 /* Main.storyboard in Resources */,
			);
			runOnlyForDeploymentPostprocessing = 0;
		};
		18D61C5925A7167D008D2CB0 /* Resources */ = {
			isa = PBXResourcesBuildPhase;
			buildActionMask = 2147483647;
			files = (
			);
			runOnlyForDeploymentPostprocessing = 0;
		};
		18D61C6425A7167D008D2CB0 /* Resources */ = {
			isa = PBXResourcesBuildPhase;
			buildActionMask = 2147483647;
			files = (
			);
			runOnlyForDeploymentPostprocessing = 0;
		};
/* End PBXResourcesBuildPhase section */

/* Begin PBXSourcesBuildPhase section */
		18D61C4125A7167B008D2CB0 /* Sources */ = {
			isa = PBXSourcesBuildPhase;
			buildActionMask = 2147483647;
			files = (
				18D61C4D25A7167B008D2CB0 /* ViewController.swift in Sources */,
				18D61C4925A7167B008D2CB0 /* AppDelegate.swift in Sources */,
				18D61C4B25A7167B008D2CB0 /* SceneDelegate.swift in Sources */,
			);
			runOnlyForDeploymentPostprocessing = 0;
		};
		18D61C5725A7167D008D2CB0 /* Sources */ = {
			isa = PBXSourcesBuildPhase;
			buildActionMask = 2147483647;
			files = (
				18D61C6025A7167D008D2CB0 /* ExampleTests.swift in Sources */,
			);
			runOnlyForDeploymentPostprocessing = 0;
		};
		18D61C6225A7167D008D2CB0 /* Sources */ = {
			isa = PBXSourcesBuildPhase;
			buildActionMask = 2147483647;
			files = (
				18D61C6B25A7167D008D2CB0 /* ExampleUITests.swift in Sources */,
			);
			runOnlyForDeploymentPostprocessing = 0;
		};
/* End PBXSourcesBuildPhase section */

/* Begin PBXTargetDependency section */
		18D61C5D25A7167D008D2CB0 /* PBXTargetDependency */ = {
			isa = PBXTargetDependency;
			target = 18D61C4425A7167B008D2CB0 /* Example */;
			targetProxy = 18D61C5C25A7167D008D2CB0 /* PBXContainerItemProxy */;
		};
		18D61C6825A7167D008D2CB0 /* PBXTargetDependency */ = {
			isa = PBXTargetDependency;
			target = 18D61C4425A7167B008D2CB0 /* Example */;
			targetProxy = 18D61C6725A7167D008D2CB0 /* PBXContainerItemProxy */;
		};
/* End PBXTargetDependency section */

/* Begin PBXVariantGroup section */
		18D61C4E25A7167B008D2CB0 /* Main.storyboard */ = {
			isa = PBXVariantGroup;
			children = (
				18D61C4F25A7167B008D2CB0 /* Base */,
			);
			name = Main.storyboard;
			sourceTree = "<group>";
		};
		18D61C5325A7167D008D2CB0 /* LaunchScreen.storyboard */ = {
			isa = PBXVariantGroup;
			children = (
				18D61C5425A7167D008D2CB0 /* Base */,
			);
			name = LaunchScreen.storyboard;
			sourceTree = "<group>";
		};
/* End PBXVariantGroup section */

/* Begin XCBuildConfiguration section */
		18D61C6D25A7167D008D2CB0 /* Debug */ = {
			isa = XCBuildConfiguration;
			buildSettings = {
				ALWAYS_SEARCH_USER_PATHS = NO;
				CLANG_ANALYZER_NONNULL = YES;
				CLANG_ANALYZER_NUMBER_OBJECT_CONVERSION = YES_AGGRESSIVE;
				CLANG_CXX_LANGUAGE_STANDARD = "gnu++14";
				CLANG_CXX_LIBRARY = "libc++";
				CLANG_ENABLE_MODULES = YES;
				CLANG_ENABLE_OBJC_ARC = YES;
				CLANG_ENABLE_OBJC_WEAK = YES;
				CLANG_WARN_BLOCK_CAPTURE_AUTORELEASING = YES;
				CLANG_WARN_BOOL_CONVERSION = YES;
				CLANG_WARN_COMMA = YES;
				CLANG_WARN_CONSTANT_CONVERSION = YES;
				CLANG_WARN_DEPRECATED_OBJC_IMPLEMENTATIONS = YES;
				CLANG_WARN_DIRECT_OBJC_ISA_USAGE = YES_ERROR;
				CLANG_WARN_DOCUMENTATION_COMMENTS = YES;
				CLANG_WARN_EMPTY_BODY = YES;
				CLANG_WARN_ENUM_CONVERSION = YES;
				CLANG_WARN_INFINITE_RECURSION = YES;
				CLANG_WARN_INT_CONVERSION = YES;
				CLANG_WARN_NON_LITERAL_NULL_CONVERSION = YES;
				CLANG_WARN_OBJC_IMPLICIT_RETAIN_SELF = YES;
				CLANG_WARN_OBJC_LITERAL_CONVERSION = YES;
				CLANG_WARN_OBJC_ROOT_CLASS = YES_ERROR;
				CLANG_WARN_QUOTED_INCLUDE_IN_FRAMEWORK_HEADER = YES;
				CLANG_WARN_RANGE_LOOP_ANALYSIS = YES;
				CLANG_WARN_STRICT_PROTOTYPES = YES;
				CLANG_WARN_SUSPICIOUS_MOVE = YES;
				CLANG_WARN_UNGUARDED_AVAILABILITY = YES_AGGRESSIVE;
				CLANG_WARN_UNREACHABLE_CODE = YES;
				CLANG_WARN__DUPLICATE_METHOD_MATCH = YES;
				COPY_PHASE_STRIP = NO;
				DEBUG_INFORMATION_FORMAT = dwarf;
				ENABLE_STRICT_OBJC_MSGSEND = YES;
				ENABLE_TESTABILITY = YES;
				GCC_C_LANGUAGE_STANDARD = gnu11;
				GCC_DYNAMIC_NO_PIC = NO;
				GCC_NO_COMMON_BLOCKS = YES;
				GCC_OPTIMIZATION_LEVEL = 0;
				GCC_PREPROCESSOR_DEFINITIONS = (
					"DEBUG=1",
					"$(inherited)",
				);
				GCC_WARN_64_TO_32_BIT_CONVERSION = YES;
				GCC_WARN_ABOUT_RETURN_TYPE = YES_ERROR;
				GCC_WARN_UNDECLARED_SELECTOR = YES;
				GCC_WARN_UNINITIALIZED_AUTOS = YES_AGGRESSIVE;
				GCC_WARN_UNUSED_FUNCTION = YES;
				GCC_WARN_UNUSED_VARIABLE = YES;
				IPHONEOS_DEPLOYMENT_TARGET = 14.3;
				MTL_ENABLE_DEBUG_INFO = INCLUDE_SOURCE;
				MTL_FAST_MATH = YES;
				ONLY_ACTIVE_ARCH = YES;
				SDKROOT = iphoneos;
				SWIFT_ACTIVE_COMPILATION_CONDITIONS = DEBUG;
				SWIFT_OPTIMIZATION_LEVEL = "-Onone";
			};
			name = Debug;
		};
		18D61C6E25A7167D008D2CB0 /* Release */ = {
			isa = XCBuildConfiguration;
			buildSettings = {
				ALWAYS_SEARCH_USER_PATHS = NO;
				CLANG_ANALYZER_NONNULL = YES;
				CLANG_ANALYZER_NUMBER_OBJECT_CONVERSION = YES_AGGRESSIVE;
				CLANG_CXX_LANGUAGE_STANDARD = "gnu++14";
				CLANG_CXX_LIBRARY = "libc++";
				CLANG_ENABLE_MODULES = YES;
				CLANG_ENABLE_OBJC_ARC = YES;
				CLANG_ENABLE_OBJC_WEAK = YES;
				CLANG_WARN_BLOCK_CAPTURE_AUTORELEASING = YES;
				CLANG_WARN_BOOL_CONVERSION = YES;
				CLANG_WARN_COMMA = YES;
				CLANG_WARN_CONSTANT_CONVERSION = YES;
				CLANG_WARN_DEPRECATED_OBJC_IMPLEMENTATIONS = YES;
				CLANG_WARN_DIRECT_OBJC_ISA_USAGE = YES_ERROR;
				CLANG_WARN_DOCUMENTATION_COMMENTS = YES;
				CLANG_WARN_EMPTY_BODY = YES;
				CLANG_WARN_ENUM_CONVERSION = YES;
				CLANG_WARN_INFINITE_RECURSION = YES;
				CLANG_WARN_INT_CONVERSION = YES;
				CLANG_WARN_NON_LITERAL_NULL_CONVERSION = YES;
				CLANG_WARN_OBJC_IMPLICIT_RETAIN_SELF = YES;
				CLANG_WARN_OBJC_LITERAL_CONVERSION = YES;
				CLANG_WARN_OBJC_ROOT_CLASS = YES_ERROR;
				CLANG_WARN_QUOTED_INCLUDE_IN_FRAMEWORK_HEADER = YES;
				CLANG_WARN_RANGE_LOOP_ANALYSIS = YES;
				CLANG_WARN_STRICT_PROTOTYPES = YES;
				CLANG_WARN_SUSPICIOUS_MOVE = YES;
				CLANG_WARN_UNGUARDED_AVAILABILITY = YES_AGGRESSIVE;
				CLANG_WARN_UNREACHABLE_CODE = YES;
				CLANG_WARN__DUPLICATE_METHOD_MATCH = YES;
				COPY_PHASE_STRIP = NO;
				DEBUG_INFORMATION_FORMAT = "dwarf-with-dsym";
				ENABLE_NS_ASSERTIONS = NO;
				ENABLE_STRICT_OBJC_MSGSEND = YES;
				GCC_C_LANGUAGE_STANDARD = gnu11;
				GCC_NO_COMMON_BLOCKS = YES;
				GCC_WARN_64_TO_32_BIT_CONVERSION = YES;
				GCC_WARN_ABOUT_RETURN_TYPE = YES_ERROR;
				GCC_WARN_UNDECLARED_SELECTOR = YES;
				GCC_WARN_UNINITIALIZED_AUTOS = YES_AGGRESSIVE;
				GCC_WARN_UNUSED_FUNCTION = YES;
				GCC_WARN_UNUSED_VARIABLE = YES;
				IPHONEOS_DEPLOYMENT_TARGET = 14.3;
				MTL_ENABLE_DEBUG_INFO = NO;
				MTL_FAST_MATH = YES;
				SDKROOT = iphoneos;
				SWIFT_COMPILATION_MODE = wholemodule;
				SWIFT_OPTIMIZATION_LEVEL = "-O";
				VALIDATE_PRODUCT = YES;
			};
			name = Release;
		};
		18D61C7025A7167D008D2CB0 /* Debug */ = {
			isa = XCBuildConfiguration;
			buildSettings = {
				ASSETCATALOG_COMPILER_APPICON_NAME = AppIcon;
				ASSETCATALOG_COMPILER_GLOBAL_ACCENT_COLOR_NAME = AccentColor;
				CODE_SIGN_STYLE = Automatic;
				INFOPLIST_FILE = Example/Info.plist;
				LD_RUNPATH_SEARCH_PATHS = (
					"$(inherited)",
					"@executable_path/Frameworks",
				);
				PRODUCT_BUNDLE_IDENTIFIER = com.didi.hummer.Example;
				PRODUCT_NAME = "$(TARGET_NAME)";
				SWIFT_VERSION = 5.0;
				TARGETED_DEVICE_FAMILY = "1,2";
			};
			name = Debug;
		};
		18D61C7125A7167D008D2CB0 /* Release */ = {
			isa = XCBuildConfiguration;
			buildSettings = {
				ASSETCATALOG_COMPILER_APPICON_NAME = AppIcon;
				ASSETCATALOG_COMPILER_GLOBAL_ACCENT_COLOR_NAME = AccentColor;
				CODE_SIGN_STYLE = Automatic;
				INFOPLIST_FILE = Example/Info.plist;
				LD_RUNPATH_SEARCH_PATHS = (
					"$(inherited)",
					"@executable_path/Frameworks",
				);
				PRODUCT_BUNDLE_IDENTIFIER = com.didi.hummer.Example;
				PRODUCT_NAME = "$(TARGET_NAME)";
				SWIFT_VERSION = 5.0;
				TARGETED_DEVICE_FAMILY = "1,2";
			};
			name = Release;
		};
		18D61C7325A7167D008D2CB0 /* Debug */ = {
			isa = XCBuildConfiguration;
			buildSettings = {
				ALWAYS_EMBED_SWIFT_STANDARD_LIBRARIES = YES;
				BUNDLE_LOADER = "$(TEST_HOST)";
				CODE_SIGN_STYLE = Automatic;
				INFOPLIST_FILE = ExampleTests/Info.plist;
				IPHONEOS_DEPLOYMENT_TARGET = 14.3;
				LD_RUNPATH_SEARCH_PATHS = (
					"$(inherited)",
					"@executable_path/Frameworks",
					"@loader_path/Frameworks",
				);
				PRODUCT_BUNDLE_IDENTIFIER = com.didi.hummer.ExampleTests;
				PRODUCT_NAME = "$(TARGET_NAME)";
				SWIFT_VERSION = 5.0;
				TARGETED_DEVICE_FAMILY = "1,2";
				TEST_HOST = "$(BUILT_PRODUCTS_DIR)/Example.app/Example";
			};
			name = Debug;
		};
		18D61C7425A7167D008D2CB0 /* Release */ = {
			isa = XCBuildConfiguration;
			buildSettings = {
				ALWAYS_EMBED_SWIFT_STANDARD_LIBRARIES = YES;
				BUNDLE_LOADER = "$(TEST_HOST)";
				CODE_SIGN_STYLE = Automatic;
				INFOPLIST_FILE = ExampleTests/Info.plist;
				IPHONEOS_DEPLOYMENT_TARGET = 14.3;
				LD_RUNPATH_SEARCH_PATHS = (
					"$(inherited)",
					"@executable_path/Frameworks",
					"@loader_path/Frameworks",
				);
				PRODUCT_BUNDLE_IDENTIFIER = com.didi.hummer.ExampleTests;
				PRODUCT_NAME = "$(TARGET_NAME)";
				SWIFT_VERSION = 5.0;
				TARGETED_DEVICE_FAMILY = "1,2";
				TEST_HOST = "$(BUILT_PRODUCTS_DIR)/Example.app/Example";
			};
			name = Release;
		};
		18D61C7625A7167D008D2CB0 /* Debug */ = {
			isa = XCBuildConfiguration;
			buildSettings = {
				ALWAYS_EMBED_SWIFT_STANDARD_LIBRARIES = YES;
				CODE_SIGN_STYLE = Automatic;
				INFOPLIST_FILE = ExampleUITests/Info.plist;
				LD_RUNPATH_SEARCH_PATHS = (
					"$(inherited)",
					"@executable_path/Frameworks",
					"@loader_path/Frameworks",
				);
				PRODUCT_BUNDLE_IDENTIFIER = com.didi.hummer.ExampleUITests;
				PRODUCT_NAME = "$(TARGET_NAME)";
				SWIFT_VERSION = 5.0;
				TARGETED_DEVICE_FAMILY = "1,2";
				TEST_TARGET_NAME = Example;
			};
			name = Debug;
		};
		18D61C7725A7167D008D2CB0 /* Release */ = {
			isa = XCBuildConfiguration;
			buildSettings = {
				ALWAYS_EMBED_SWIFT_STANDARD_LIBRARIES = YES;
				CODE_SIGN_STYLE = Automatic;
				INFOPLIST_FILE = ExampleUITests/Info.plist;
				LD_RUNPATH_SEARCH_PATHS = (
					"$(inherited)",
					"@executable_path/Frameworks",
					"@loader_path/Frameworks",
				);
				PRODUCT_BUNDLE_IDENTIFIER = com.didi.hummer.ExampleUITests;
				PRODUCT_NAME = "$(TARGET_NAME)";
				SWIFT_VERSION = 5.0;
				TARGETED_DEVICE_FAMILY = "1,2";
				TEST_TARGET_NAME = Example;
			};
			name = Release;
		};
/* End XCBuildConfiguration section */

/* Begin XCConfigurationList section */
		18D61C4025A7167B008D2CB0 /* Build configuration list for PBXProject "Example" */ = {
			isa = XCConfigurationList;
			buildConfigurations = (
				18D61C6D25A7167D008D2CB0 /* Debug */,
				18D61C6E25A7167D008D2CB0 /* Release */,
			);
			defaultConfigurationIsVisible = 0;
			defaultConfigurationName = Release;
		};
		18D61C6F25A7167D008D2CB0 /* Build configuration list for PBXNativeTarget "Example" */ = {
			isa = XCConfigurationList;
			buildConfigurations = (
				18D61C7025A7167D008D2CB0 /* Debug */,
				18D61C7125A7167D008D2CB0 /* Release */,
			);
			defaultConfigurationIsVisible = 0;
			defaultConfigurationName = Release;
		};
		18D61C7225A7167D008D2CB0 /* Build configuration list for PBXNativeTarget "ExampleTests" */ = {
			isa = XCConfigurationList;
			buildConfigurations = (
				18D61C7325A7167D008D2CB0 /* Debug */,
				18D61C7425A7167D008D2CB0 /* Release */,
			);
			defaultConfigurationIsVisible = 0;
			defaultConfigurationName = Release;
		};
		18D61C7525A7167D008D2CB0 /* Build configuration list for PBXNativeTarget "ExampleUITests" */ = {
			isa = XCConfigurationList;
			buildConfigurations = (
				18D61C7625A7167D008D2CB0 /* Debug */,
				18D61C7725A7167D008D2CB0 /* Release */,
			);
			defaultConfigurationIsVisible = 0;
			defaultConfigurationName = Release;
		};
/* End XCConfigurationList section */
	};
	rootObject = 18D61C3D25A7167B008D2CB0 /* Project object */;
}
