// !$*UTF8*$!
{
	archiveVersion = 1;
	classes = {
	};
	objectVersion = 51;
	objects = {

/* Begin PBXBuildFile section */
		0AEF33CA2806D3E900516CEE /* OCAppTests.m in Sources */ = {isa = PBXBuildFile; fileRef = 0AEF33C92806D3E900516CEE /* OCAppTests.m */; };
		18E3D7A026CBDDAA003C6C8D /* AppDelegate.swift in Sources */ = {isa = PBXBuildFile; fileRef = 18E3D79F26CBDDAA003C6C8D /* AppDelegate.swift */; };
		18E3D7A426CBDDAA003C6C8D /* ViewController.swift in Sources */ = {isa = PBXBuildFile; fileRef = 18E3D7A326CBDDAA003C6C8D /* ViewController.swift */; };
		18E3D7A926CBDDAB003C6C8D /* Assets.xcassets in Resources */ = {isa = PBXBuildFile; fileRef = 18E3D7A826CBDDAB003C6C8D /* Assets.xcassets */; };
		18E3D7AC26CBDDAB003C6C8D /* LaunchScreen.storyboard in Resources */ = {isa = PBXBuildFile; fileRef = 18E3D7AA26CBDDAB003C6C8D /* LaunchScreen.storyboard */; };
		18E3D7D026CBDDD8003C6C8D /* HMShadowViewTests.swift in Sources */ = {isa = PBXBuildFile; fileRef = 18E3D7CF26CBDDD8003C6C8D /* HMShadowViewTests.swift */; };
		2A15EAE9257AEF6F8C36802C /* libPods-App.a in Frameworks */ = {isa = PBXBuildFile; fileRef = DD51B475152F2E8C789FD31C /* libPods-App.a */; };
		7ED1B263EFFDEDCBA1043ED8 /* libPods-OCAppTests.a in Frameworks */ = {isa = PBXBuildFile; fileRef = 804551B976C19F10AAAB763A /* libPods-OCAppTests.a */; };
/* End PBXBuildFile section */

/* Begin PBXContainerItemProxy section */
		0AEF33CB2806D3E900516CEE /* PBXContainerItemProxy */ = {
			isa = PBXContainerItemProxy;
			containerPortal = 18E3D79426CBDDAA003C6C8D /* Project object */;
			proxyType = 1;
			remoteGlobalIDString = 18E3D79B26CBDDAA003C6C8D;
			remoteInfo = App;
		};
		18E3D7B326CBDDAB003C6C8D /* PBXContainerItemProxy */ = {
			isa = PBXContainerItemProxy;
			containerPortal = 18E3D79426CBDDAA003C6C8D /* Project object */;
			proxyType = 1;
			remoteGlobalIDString = 18E3D79B26CBDDAA003C6C8D;
			remoteInfo = App;
		};
/* End PBXContainerItemProxy section */

/* Begin PBXFileReference section */
		0AEF33C72806D3E900516CEE /* OCAppTests.xctest */ = {isa = PBXFileReference; explicitFileType = wrapper.cfbundle; includeInIndex = 0; path = OCAppTests.xctest; sourceTree = BUILT_PRODUCTS_DIR; };
		0AEF33C92806D3E900516CEE /* OCAppTests.m */ = {isa = PBXFileReference; lastKnownFileType = sourcecode.c.objc; path = OCAppTests.m; sourceTree = "<group>"; };
		12452B7D72A8128918FB5A34 /* Pods-App-OCAppTests.debug.xcconfig */ = {isa = PBXFileReference; includeInIndex = 1; lastKnownFileType = text.xcconfig; name = "Pods-App-OCAppTests.debug.xcconfig"; path = "Target Support Files/Pods-App-OCAppTests/Pods-App-OCAppTests.debug.xcconfig"; sourceTree = "<group>"; };
		18E3D79C26CBDDAA003C6C8D /* App.app */ = {isa = PBXFileReference; explicitFileType = wrapper.application; includeInIndex = 0; path = App.app; sourceTree = BUILT_PRODUCTS_DIR; };
		18E3D79F26CBDDAA003C6C8D /* AppDelegate.swift */ = {isa = PBXFileReference; lastKnownFileType = sourcecode.swift; path = AppDelegate.swift; sourceTree = "<group>"; };
		18E3D7A326CBDDAA003C6C8D /* ViewController.swift */ = {isa = PBXFileReference; lastKnownFileType = sourcecode.swift; path = ViewController.swift; sourceTree = "<group>"; };
		18E3D7A826CBDDAB003C6C8D /* Assets.xcassets */ = {isa = PBXFileReference; lastKnownFileType = folder.assetcatalog; path = Assets.xcassets; sourceTree = "<group>"; };
		18E3D7AB26CBDDAB003C6C8D /* Base */ = {isa = PBXFileReference; lastKnownFileType = file.storyboard; name = Base; path = Base.lproj/LaunchScreen.storyboard; sourceTree = "<group>"; };
		18E3D7AD26CBDDAB003C6C8D /* Info.plist */ = {isa = PBXFileReference; lastKnownFileType = text.plist.xml; path = Info.plist; sourceTree = "<group>"; };
		18E3D7B226CBDDAB003C6C8D /* AppTests.xctest */ = {isa = PBXFileReference; explicitFileType = wrapper.cfbundle; includeInIndex = 0; path = AppTests.xctest; sourceTree = BUILT_PRODUCTS_DIR; };
		18E3D7B826CBDDAB003C6C8D /* Info.plist */ = {isa = PBXFileReference; lastKnownFileType = text.plist.xml; path = Info.plist; sourceTree = "<group>"; };
		18E3D7CF26CBDDD8003C6C8D /* HMShadowViewTests.swift */ = {isa = PBXFileReference; fileEncoding = 4; lastKnownFileType = sourcecode.swift; path = HMShadowViewTests.swift; sourceTree = "<group>"; };
		45D62241E3EBF228F262A403 /* Pods-OCAppTests.release.xcconfig */ = {isa = PBXFileReference; includeInIndex = 1; lastKnownFileType = text.xcconfig; name = "Pods-OCAppTests.release.xcconfig"; path = "Target Support Files/Pods-OCAppTests/Pods-OCAppTests.release.xcconfig"; sourceTree = "<group>"; };
		7402F91ABA497E9F599E885C /* Pods-App.debug.xcconfig */ = {isa = PBXFileReference; includeInIndex = 1; lastKnownFileType = text.xcconfig; name = "Pods-App.debug.xcconfig"; path = "Target Support Files/Pods-App/Pods-App.debug.xcconfig"; sourceTree = "<group>"; };
		804551B976C19F10AAAB763A /* libPods-OCAppTests.a */ = {isa = PBXFileReference; explicitFileType = archive.ar; includeInIndex = 0; path = "libPods-OCAppTests.a"; sourceTree = BUILT_PRODUCTS_DIR; };
		A1790572A3742F99564EE890 /* Pods-OCAppTests.debug.xcconfig */ = {isa = PBXFileReference; includeInIndex = 1; lastKnownFileType = text.xcconfig; name = "Pods-OCAppTests.debug.xcconfig"; path = "Target Support Files/Pods-OCAppTests/Pods-OCAppTests.debug.xcconfig"; sourceTree = "<group>"; };
		DD51B475152F2E8C789FD31C /* libPods-App.a */ = {isa = PBXFileReference; explicitFileType = archive.ar; includeInIndex = 0; path = "libPods-App.a"; sourceTree = BUILT_PRODUCTS_DIR; };
		ED0E17001B09559ABA207DFB /* Pods-App-OCAppTests.release.xcconfig */ = {isa = PBXFileReference; includeInIndex = 1; lastKnownFileType = text.xcconfig; name = "Pods-App-OCAppTests.release.xcconfig"; path = "Target Support Files/Pods-App-OCAppTests/Pods-App-OCAppTests.release.xcconfig"; sourceTree = "<group>"; };
		F537776657E350B214247E14 /* Pods-App.release.xcconfig */ = {isa = PBXFileReference; includeInIndex = 1; lastKnownFileType = text.xcconfig; name = "Pods-App.release.xcconfig"; path = "Target Support Files/Pods-App/Pods-App.release.xcconfig"; sourceTree = "<group>"; };
/* End PBXFileReference section */

/* Begin PBXFrameworksBuildPhase section */
		0AEF33C42806D3E900516CEE /* Frameworks */ = {
			isa = PBXFrameworksBuildPhase;
			buildActionMask = 2147483647;
			files = (
				7ED1B263EFFDEDCBA1043ED8 /* libPods-OCAppTests.a in Frameworks */,
			);
			runOnlyForDeploymentPostprocessing = 0;
		};
		18E3D79926CBDDAA003C6C8D /* Frameworks */ = {
			isa = PBXFrameworksBuildPhase;
			buildActionMask = 2147483647;
			files = (
				2A15EAE9257AEF6F8C36802C /* libPods-App.a in Frameworks */,
			);
			runOnlyForDeploymentPostprocessing = 0;
		};
		18E3D7AF26CBDDAB003C6C8D /* Frameworks */ = {
			isa = PBXFrameworksBuildPhase;
			buildActionMask = 2147483647;
			files = (
			);
			runOnlyForDeploymentPostprocessing = 0;
		};
/* End PBXFrameworksBuildPhase section */

/* Begin PBXGroup section */
		0AEF33C82806D3E900516CEE /* OCAppTests */ = {
			isa = PBXGroup;
			children = (
				0AEF33C92806D3E900516CEE /* OCAppTests.m */,
			);
			path = OCAppTests;
			sourceTree = "<group>";
		};
		18E3D79326CBDDAA003C6C8D = {
			isa = PBXGroup;
			children = (
				18E3D79E26CBDDAA003C6C8D /* App */,
				18E3D7B526CBDDAB003C6C8D /* AppTests */,
				0AEF33C82806D3E900516CEE /* OCAppTests */,
				18E3D79D26CBDDAA003C6C8D /* Products */,
				4E64724C01E61F7A5B8AB16F /* Pods */,
				8F22D3C5FB2C71501FB371C2 /* Frameworks */,
			);
			sourceTree = "<group>";
		};
		18E3D79D26CBDDAA003C6C8D /* Products */ = {
			isa = PBXGroup;
			children = (
				18E3D79C26CBDDAA003C6C8D /* App.app */,
				18E3D7B226CBDDAB003C6C8D /* AppTests.xctest */,
				0AEF33C72806D3E900516CEE /* OCAppTests.xctest */,
			);
			name = Products;
			sourceTree = "<group>";
		};
		18E3D79E26CBDDAA003C6C8D /* App */ = {
			isa = PBXGroup;
			children = (
				18E3D79F26CBDDAA003C6C8D /* AppDelegate.swift */,
				18E3D7A326CBDDAA003C6C8D /* ViewController.swift */,
				18E3D7A826CBDDAB003C6C8D /* Assets.xcassets */,
				18E3D7AA26CBDDAB003C6C8D /* LaunchScreen.storyboard */,
				18E3D7AD26CBDDAB003C6C8D /* Info.plist */,
			);
			path = App;
			sourceTree = "<group>";
		};
		18E3D7B526CBDDAB003C6C8D /* AppTests */ = {
			isa = PBXGroup;
			children = (
				18E3D7CF26CBDDD8003C6C8D /* HMShadowViewTests.swift */,
				18E3D7B826CBDDAB003C6C8D /* Info.plist */,
			);
			path = AppTests;
			sourceTree = "<group>";
		};
		4E64724C01E61F7A5B8AB16F /* Pods */ = {
			isa = PBXGroup;
			children = (
				7402F91ABA497E9F599E885C /* Pods-App.debug.xcconfig */,
				F537776657E350B214247E14 /* Pods-App.release.xcconfig */,
				A1790572A3742F99564EE890 /* Pods-OCAppTests.debug.xcconfig */,
				45D62241E3EBF228F262A403 /* Pods-OCAppTests.release.xcconfig */,
				12452B7D72A8128918FB5A34 /* Pods-App-OCAppTests.debug.xcconfig */,
				ED0E17001B09559ABA207DFB /* Pods-App-OCAppTests.release.xcconfig */,
			);
			path = Pods;
			sourceTree = "<group>";
		};
		8F22D3C5FB2C71501FB371C2 /* Frameworks */ = {
			isa = PBXGroup;
			children = (
				DD51B475152F2E8C789FD31C /* libPods-App.a */,
				804551B976C19F10AAAB763A /* libPods-OCAppTests.a */,
			);
			name = Frameworks;
			sourceTree = "<group>";
		};
/* End PBXGroup section */

/* Begin PBXNativeTarget section */
		0AEF33C62806D3E900516CEE /* OCAppTests */ = {
			isa = PBXNativeTarget;
			buildConfigurationList = 0AEF33CF2806D3E900516CEE /* Build configuration list for PBXNativeTarget "OCAppTests" */;
			buildPhases = (
				CD0E44FDE8D11FB204AE2DC9 /* [CP] Check Pods Manifest.lock */,
				0AEF33C32806D3E900516CEE /* Sources */,
				0AEF33C42806D3E900516CEE /* Frameworks */,
				0AEF33C52806D3E900516CEE /* Resources */,
			);
			buildRules = (
			);
			dependencies = (
				0AEF33CC2806D3E900516CEE /* PBXTargetDependency */,
			);
			name = OCAppTests;
			productName = OCAppTests;
			productReference = 0AEF33C72806D3E900516CEE /* OCAppTests.xctest */;
			productType = "com.apple.product-type.bundle.unit-test";
		};
		18E3D79B26CBDDAA003C6C8D /* App */ = {
			isa = PBXNativeTarget;
			buildConfigurationList = 18E3D7C626CBDDAB003C6C8D /* Build configuration list for PBXNativeTarget "App" */;
			buildPhases = (
				65E8CB2D23F88D42A52E630D /* [CP] Check Pods Manifest.lock */,
				18E3D79826CBDDAA003C6C8D /* Sources */,
				18E3D79926CBDDAA003C6C8D /* Frameworks */,
				18E3D79A26CBDDAA003C6C8D /* Resources */,
				BBEA9E255312ECA0F1AE6C81 /* [CP] Copy Pods Resources */,
			);
			buildRules = (
			);
			dependencies = (
			);
			name = App;
			productName = App;
			productReference = 18E3D79C26CBDDAA003C6C8D /* App.app */;
			productType = "com.apple.product-type.application";
		};
		18E3D7B126CBDDAB003C6C8D /* AppTests */ = {
			isa = PBXNativeTarget;
			buildConfigurationList = 18E3D7C926CBDDAB003C6C8D /* Build configuration list for PBXNativeTarget "AppTests" */;
			buildPhases = (
				18E3D7AE26CBDDAB003C6C8D /* Sources */,
				18E3D7AF26CBDDAB003C6C8D /* Frameworks */,
				18E3D7B026CBDDAB003C6C8D /* Resources */,
			);
			buildRules = (
			);
			dependencies = (
				18E3D7B426CBDDAB003C6C8D /* PBXTargetDependency */,
			);
			name = AppTests;
			productName = AppTests;
			productReference = 18E3D7B226CBDDAB003C6C8D /* AppTests.xctest */;
			productType = "com.apple.product-type.bundle.unit-test";
		};
/* End PBXNativeTarget section */

/* Begin PBXProject section */
		18E3D79426CBDDAA003C6C8D /* Project object */ = {
			isa = PBXProject;
			attributes = {
				LastSwiftUpdateCheck = 1250;
				LastUpgradeCheck = 1250;
				TargetAttributes = {
					0AEF33C62806D3E900516CEE = {
						CreatedOnToolsVersion = 13.3.1;
						LastSwiftMigration = 1330;
						TestTargetID = 18E3D79B26CBDDAA003C6C8D;
					};
					18E3D79B26CBDDAA003C6C8D = {
						CreatedOnToolsVersion = 12.5.1;
					};
					18E3D7B126CBDDAB003C6C8D = {
						CreatedOnToolsVersion = 12.5.1;
						TestTargetID = 18E3D79B26CBDDAA003C6C8D;
					};
				};
			};
			buildConfigurationList = 18E3D79726CBDDAA003C6C8D /* Build configuration list for PBXProject "App" */;
			compatibilityVersion = "Xcode 9.3";
			developmentRegion = en;
			hasScannedForEncodings = 0;
			knownRegions = (
				en,
				Base,
			);
			mainGroup = 18E3D79326CBDDAA003C6C8D;
			productRefGroup = 18E3D79D26CBDDAA003C6C8D /* Products */;
			projectDirPath = "";
			projectRoot = "";
			targets = (
				18E3D79B26CBDDAA003C6C8D /* App */,
				18E3D7B126CBDDAB003C6C8D /* AppTests */,
				0AEF33C62806D3E900516CEE /* OCAppTests */,
			);
		};
/* End PBXProject section */

/* Begin PBXResourcesBuildPhase section */
		0AEF33C52806D3E900516CEE /* Resources */ = {
			isa = PBXResourcesBuildPhase;
			buildActionMask = 2147483647;
			files = (
			);
			runOnlyForDeploymentPostprocessing = 0;
		};
		18E3D79A26CBDDAA003C6C8D /* Resources */ = {
			isa = PBXResourcesBuildPhase;
			buildActionMask = 2147483647;
			files = (
				18E3D7AC26CBDDAB003C6C8D /* LaunchScreen.storyboard in Resources */,
				18E3D7A926CBDDAB003C6C8D /* Assets.xcassets in Resources */,
			);
			runOnlyForDeploymentPostprocessing = 0;
		};
		18E3D7B026CBDDAB003C6C8D /* Resources */ = {
			isa = PBXResourcesBuildPhase;
			buildActionMask = 2147483647;
			files = (
			);
			runOnlyForDeploymentPostprocessing = 0;
		};
/* End PBXResourcesBuildPhase section */

/* Begin PBXShellScriptBuildPhase section */
		65E8CB2D23F88D42A52E630D /* [CP] Check Pods Manifest.lock */ = {
			isa = PBXShellScriptBuildPhase;
			buildActionMask = 2147483647;
			files = (
			);
			inputFileListPaths = (
			);
			inputPaths = (
				"${PODS_PODFILE_DIR_PATH}/Podfile.lock",
				"${PODS_ROOT}/Manifest.lock",
			);
			name = "[CP] Check Pods Manifest.lock";
			outputFileListPaths = (
			);
			outputPaths = (
				"$(DERIVED_FILE_DIR)/Pods-App-checkManifestLockResult.txt",
			);
			runOnlyForDeploymentPostprocessing = 0;
			shellPath = /bin/sh;
			shellScript = "diff \"${PODS_PODFILE_DIR_PATH}/Podfile.lock\" \"${PODS_ROOT}/Manifest.lock\" > /dev/null\nif [ $? != 0 ] ; then\n    # print error to STDERR\n    echo \"error: The sandbox is not in sync with the Podfile.lock. Run 'pod install' or update your CocoaPods installation.\" >&2\n    exit 1\nfi\n# This output is used by Xcode 'outputs' to avoid re-running this script phase.\necho \"SUCCESS\" > \"${SCRIPT_OUTPUT_FILE_0}\"\n";
			showEnvVarsInLog = 0;
		};
		BBEA9E255312ECA0F1AE6C81 /* [CP] Copy Pods Resources */ = {
			isa = PBXShellScriptBuildPhase;
			buildActionMask = 2147483647;
			files = (
			);
			inputFileListPaths = (
				"${PODS_ROOT}/Target Support Files/Pods-App/Pods-App-resources-${CONFIGURATION}-input-files.xcfilelist",
			);
			name = "[CP] Copy Pods Resources";
			outputFileListPaths = (
				"${PODS_ROOT}/Target Support Files/Pods-App/Pods-App-resources-${CONFIGURATION}-output-files.xcfilelist",
			);
			runOnlyForDeploymentPostprocessing = 0;
			shellPath = /bin/sh;
			shellScript = "\"${PODS_ROOT}/Target Support Files/Pods-App/Pods-App-resources.sh\"\n";
			showEnvVarsInLog = 0;
		};
		CD0E44FDE8D11FB204AE2DC9 /* [CP] Check Pods Manifest.lock */ = {
			isa = PBXShellScriptBuildPhase;
			buildActionMask = 2147483647;
			files = (
			);
			inputFileListPaths = (
			);
			inputPaths = (
				"${PODS_PODFILE_DIR_PATH}/Podfile.lock",
				"${PODS_ROOT}/Manifest.lock",
			);
			name = "[CP] Check Pods Manifest.lock";
			outputFileListPaths = (
			);
			outputPaths = (
				"$(DERIVED_FILE_DIR)/Pods-OCAppTests-checkManifestLockResult.txt",
			);
			runOnlyForDeploymentPostprocessing = 0;
			shellPath = /bin/sh;
			shellScript = "diff \"${PODS_PODFILE_DIR_PATH}/Podfile.lock\" \"${PODS_ROOT}/Manifest.lock\" > /dev/null\nif [ $? != 0 ] ; then\n    # print error to STDERR\n    echo \"error: The sandbox is not in sync with the Podfile.lock. Run 'pod install' or update your CocoaPods installation.\" >&2\n    exit 1\nfi\n# This output is used by Xcode 'outputs' to avoid re-running this script phase.\necho \"SUCCESS\" > \"${SCRIPT_OUTPUT_FILE_0}\"\n";
			showEnvVarsInLog = 0;
		};
/* End PBXShellScriptBuildPhase section */

/* Begin PBXSourcesBuildPhase section */
		0AEF33C32806D3E900516CEE /* Sources */ = {
			isa = PBXSourcesBuildPhase;
			buildActionMask = 2147483647;
			files = (
				0AEF33CA2806D3E900516CEE /* OCAppTests.m in Sources */,
			);
			runOnlyForDeploymentPostprocessing = 0;
		};
		18E3D79826CBDDAA003C6C8D /* Sources */ = {
			isa = PBXSourcesBuildPhase;
			buildActionMask = 2147483647;
			files = (
				18E3D7A426CBDDAA003C6C8D /* ViewController.swift in Sources */,
				18E3D7A026CBDDAA003C6C8D /* AppDelegate.swift in Sources */,
			);
			runOnlyForDeploymentPostprocessing = 0;
		};
		18E3D7AE26CBDDAB003C6C8D /* Sources */ = {
			isa = PBXSourcesBuildPhase;
			buildActionMask = 2147483647;
			files = (
				18E3D7D026CBDDD8003C6C8D /* HMShadowViewTests.swift in Sources */,
			);
			runOnlyForDeploymentPostprocessing = 0;
		};
/* End PBXSourcesBuildPhase section */

/* Begin PBXTargetDependency section */
		0AEF33CC2806D3E900516CEE /* PBXTargetDependency */ = {
			isa = PBXTargetDependency;
			target = 18E3D79B26CBDDAA003C6C8D /* App */;
			targetProxy = 0AEF33CB2806D3E900516CEE /* PBXContainerItemProxy */;
		};
		18E3D7B426CBDDAB003C6C8D /* PBXTargetDependency */ = {
			isa = PBXTargetDependency;
			target = 18E3D79B26CBDDAA003C6C8D /* App */;
			targetProxy = 18E3D7B326CBDDAB003C6C8D /* PBXContainerItemProxy */;
		};
/* End PBXTargetDependency section */

/* Begin PBXVariantGroup section */
		18E3D7AA26CBDDAB003C6C8D /* LaunchScreen.storyboard */ = {
			isa = PBXVariantGroup;
			children = (
				18E3D7AB26CBDDAB003C6C8D /* Base */,
			);
			name = LaunchScreen.storyboard;
			sourceTree = "<group>";
		};
/* End PBXVariantGroup section */

/* Begin XCBuildConfiguration section */
		0AEF33CD2806D3E900516CEE /* Debug */ = {
			isa = XCBuildConfiguration;
			baseConfigurationReference = A1790572A3742F99564EE890 /* Pods-OCAppTests.debug.xcconfig */;
			buildSettings = {
				ALWAYS_EMBED_SWIFT_STANDARD_LIBRARIES = YES;
				BUNDLE_LOADER = "$(TEST_HOST)";
				CLANG_CXX_LANGUAGE_STANDARD = "gnu++17";
				CLANG_ENABLE_MODULES = YES;
				CODE_SIGN_STYLE = Automatic;
				CURRENT_PROJECT_VERSION = 1;
				GENERATE_INFOPLIST_FILE = YES;
				IPHONEOS_DEPLOYMENT_TARGET = 15.4;
				LD_RUNPATH_SEARCH_PATHS = (
					"$(inherited)",
					"@executable_path/Frameworks",
					"@loader_path/Frameworks",
				);
				MARKETING_VERSION = 1.0;
				PRODUCT_BUNDLE_IDENTIFIER = test.OCAppTests;
				PRODUCT_NAME = "$(TARGET_NAME)";
				SWIFT_EMIT_LOC_STRINGS = NO;
				SWIFT_OBJC_BRIDGING_HEADER = "OCAppTests/OCAppTests-Bridging-Header.h";
				SWIFT_OPTIMIZATION_LEVEL = "-Onone";
				SWIFT_VERSION = 5.0;
				TARGETED_DEVICE_FAMILY = "1,2";
				TEST_HOST = "$(BUILT_PRODUCTS_DIR)/App.app/App";
			};
			name = Debug;
		};
		0AEF33CE2806D3E900516CEE /* Release */ = {
			isa = XCBuildConfiguration;
			baseConfigurationReference = 45D62241E3EBF228F262A403 /* Pods-OCAppTests.release.xcconfig */;
			buildSettings = {
				ALWAYS_EMBED_SWIFT_STANDARD_LIBRARIES = YES;
				BUNDLE_LOADER = "$(TEST_HOST)";
				CLANG_CXX_LANGUAGE_STANDARD = "gnu++17";
				CLANG_ENABLE_MODULES = YES;
				CODE_SIGN_STYLE = Automatic;
				CURRENT_PROJECT_VERSION = 1;
				GENERATE_INFOPLIST_FILE = YES;
				IPHONEOS_DEPLOYMENT_TARGET = 15.4;
				LD_RUNPATH_SEARCH_PATHS = (
					"$(inherited)",
					"@executable_path/Frameworks",
					"@loader_path/Frameworks",
				);
				MARKETING_VERSION = 1.0;
				PRODUCT_BUNDLE_IDENTIFIER = test.OCAppTests;
				PRODUCT_NAME = "$(TARGET_NAME)";
				SWIFT_EMIT_LOC_STRINGS = NO;
				SWIFT_OBJC_BRIDGING_HEADER = "OCAppTests/OCAppTests-Bridging-Header.h";
				SWIFT_VERSION = 5.0;
				TARGETED_DEVICE_FAMILY = "1,2";
				TEST_HOST = "$(BUILT_PRODUCTS_DIR)/App.app/App";
			};
			name = Release;
		};
		18E3D7C426CBDDAB003C6C8D /* Debug */ = {
			isa = XCBuildConfiguration;
			buildSettings = {
				ALWAYS_SEARCH_USER_PATHS = NO;
				CLANG_ANALYZER_NONNULL = YES;
				CLANG_ANALYZER_NUMBER_OBJECT_CONVERSION = YES_AGGRESSIVE;
				CLANG_CXX_LANGUAGE_STANDARD = "gnu++14";
				CLANG_CXX_LIBRARY = "libc++";
				CLANG_ENABLE_MODULES = YES;
				CLANG_ENABLE_OBJC_ARC = YES;
				CLANG_ENABLE_OBJC_WEAK = YES;
				CLANG_WARN_BLOCK_CAPTURE_AUTORELEASING = YES;
				CLANG_WARN_BOOL_CONVERSION = YES;
				CLANG_WARN_COMMA = YES;
				CLANG_WARN_CONSTANT_CONVERSION = YES;
				CLANG_WARN_DEPRECATED_OBJC_IMPLEMENTATIONS = YES;
				CLANG_WARN_DIRECT_OBJC_ISA_USAGE = YES_ERROR;
				CLANG_WARN_DOCUMENTATION_COMMENTS = YES;
				CLANG_WARN_EMPTY_BODY = YES;
				CLANG_WARN_ENUM_CONVERSION = YES;
				CLANG_WARN_INFINITE_RECURSION = YES;
				CLANG_WARN_INT_CONVERSION = YES;
				CLANG_WARN_NON_LITERAL_NULL_CONVERSION = YES;
				CLANG_WARN_OBJC_IMPLICIT_RETAIN_SELF = YES;
				CLANG_WARN_OBJC_LITERAL_CONVERSION = YES;
				CLANG_WARN_OBJC_ROOT_CLASS = YES_ERROR;
				CLANG_WARN_QUOTED_INCLUDE_IN_FRAMEWORK_HEADER = YES;
				CLANG_WARN_RANGE_LOOP_ANALYSIS = YES;
				CLANG_WARN_STRICT_PROTOTYPES = YES;
				CLANG_WARN_SUSPICIOUS_MOVE = YES;
				CLANG_WARN_UNGUARDED_AVAILABILITY = YES_AGGRESSIVE;
				CLANG_WARN_UNREACHABLE_CODE = YES;
				CLANG_WARN__DUPLICATE_METHOD_MATCH = YES;
				COPY_PHASE_STRIP = NO;
				DEBUG_INFORMATION_FORMAT = dwarf;
				ENABLE_STRICT_OBJC_MSGSEND = YES;
				ENABLE_TESTABILITY = YES;
				GCC_C_LANGUAGE_STANDARD = gnu11;
				GCC_DYNAMIC_NO_PIC = NO;
				GCC_NO_COMMON_BLOCKS = YES;
				GCC_OPTIMIZATION_LEVEL = 0;
				GCC_PREPROCESSOR_DEFINITIONS = (
					"DEBUG=1",
					"$(inherited)",
				);
				GCC_WARN_64_TO_32_BIT_CONVERSION = YES;
				GCC_WARN_ABOUT_RETURN_TYPE = YES_ERROR;
				GCC_WARN_UNDECLARED_SELECTOR = YES;
				GCC_WARN_UNINITIALIZED_AUTOS = YES_AGGRESSIVE;
				GCC_WARN_UNUSED_FUNCTION = YES;
				GCC_WARN_UNUSED_VARIABLE = YES;
				IPHONEOS_DEPLOYMENT_TARGET = 9.0;
				MTL_ENABLE_DEBUG_INFO = INCLUDE_SOURCE;
				MTL_FAST_MATH = YES;
				ONLY_ACTIVE_ARCH = YES;
				SDKROOT = iphoneos;
				SWIFT_ACTIVE_COMPILATION_CONDITIONS = DEBUG;
				SWIFT_OPTIMIZATION_LEVEL = "-Onone";
			};
			name = Debug;
		};
		18E3D7C526CBDDAB003C6C8D /* Release */ = {
			isa = XCBuildConfiguration;
			buildSettings = {
				ALWAYS_SEARCH_USER_PATHS = NO;
				CLANG_ANALYZER_NONNULL = YES;
				CLANG_ANALYZER_NUMBER_OBJECT_CONVERSION = YES_AGGRESSIVE;
				CLANG_CXX_LANGUAGE_STANDARD = "gnu++14";
				CLANG_CXX_LIBRARY = "libc++";
				CLANG_ENABLE_MODULES = YES;
				CLANG_ENABLE_OBJC_ARC = YES;
				CLANG_ENABLE_OBJC_WEAK = YES;
				CLANG_WARN_BLOCK_CAPTURE_AUTORELEASING = YES;
				CLANG_WARN_BOOL_CONVERSION = YES;
				CLANG_WARN_COMMA = YES;
				CLANG_WARN_CONSTANT_CONVERSION = YES;
				CLANG_WARN_DEPRECATED_OBJC_IMPLEMENTATIONS = YES;
				CLANG_WARN_DIRECT_OBJC_ISA_USAGE = YES_ERROR;
				CLANG_WARN_DOCUMENTATION_COMMENTS = YES;
				CLANG_WARN_EMPTY_BODY = YES;
				CLANG_WARN_ENUM_CONVERSION = YES;
				CLANG_WARN_INFINITE_RECURSION = YES;
				CLANG_WARN_INT_CONVERSION = YES;
				CLANG_WARN_NON_LITERAL_NULL_CONVERSION = YES;
				CLANG_WARN_OBJC_IMPLICIT_RETAIN_SELF = YES;
				CLANG_WARN_OBJC_LITERAL_CONVERSION = YES;
				CLANG_WARN_OBJC_ROOT_CLASS = YES_ERROR;
				CLANG_WARN_QUOTED_INCLUDE_IN_FRAMEWORK_HEADER = YES;
				CLANG_WARN_RANGE_LOOP_ANALYSIS = YES;
				CLANG_WARN_STRICT_PROTOTYPES = YES;
				CLANG_WARN_SUSPICIOUS_MOVE = YES;
				CLANG_WARN_UNGUARDED_AVAILABILITY = YES_AGGRESSIVE;
				CLANG_WARN_UNREACHABLE_CODE = YES;
				CLANG_WARN__DUPLICATE_METHOD_MATCH = YES;
				COPY_PHASE_STRIP = NO;
				DEBUG_INFORMATION_FORMAT = "dwarf-with-dsym";
				ENABLE_NS_ASSERTIONS = NO;
				ENABLE_STRICT_OBJC_MSGSEND = YES;
				GCC_C_LANGUAGE_STANDARD = gnu11;
				GCC_NO_COMMON_BLOCKS = YES;
				GCC_WARN_64_TO_32_BIT_CONVERSION = YES;
				GCC_WARN_ABOUT_RETURN_TYPE = YES_ERROR;
				GCC_WARN_UNDECLARED_SELECTOR = YES;
				GCC_WARN_UNINITIALIZED_AUTOS = YES_AGGRESSIVE;
				GCC_WARN_UNUSED_FUNCTION = YES;
				GCC_WARN_UNUSED_VARIABLE = YES;
				IPHONEOS_DEPLOYMENT_TARGET = 9.0;
				MTL_ENABLE_DEBUG_INFO = NO;
				MTL_FAST_MATH = YES;
				SDKROOT = iphoneos;
				SWIFT_COMPILATION_MODE = wholemodule;
				SWIFT_OPTIMIZATION_LEVEL = "-O";
				VALIDATE_PRODUCT = YES;
			};
			name = Release;
		};
		18E3D7C726CBDDAB003C6C8D /* Debug */ = {
			isa = XCBuildConfiguration;
			baseConfigurationReference = 7402F91ABA497E9F599E885C /* Pods-App.debug.xcconfig */;
			buildSettings = {
				ASSETCATALOG_COMPILER_APPICON_NAME = AppIcon;
				ASSETCATALOG_COMPILER_GLOBAL_ACCENT_COLOR_NAME = AccentColor;
				CODE_SIGN_STYLE = Automatic;
				INFOPLIST_FILE = App/Info.plist;
				IPHONEOS_DEPLOYMENT_TARGET = 9.0;
				LD_RUNPATH_SEARCH_PATHS = (
					"$(inherited)",
					"@executable_path/Frameworks",
				);
				PRODUCT_BUNDLE_IDENTIFIER = com.didi.hummer;
				PRODUCT_NAME = "$(TARGET_NAME)";
				SWIFT_VERSION = 5.0;
				TARGETED_DEVICE_FAMILY = 1;
			};
			name = Debug;
		};
		18E3D7C826CBDDAB003C6C8D /* Release */ = {
			isa = XCBuildConfiguration;
			baseConfigurationReference = F537776657E350B214247E14 /* Pods-App.release.xcconfig */;
			buildSettings = {
				ASSETCATALOG_COMPILER_APPICON_NAME = AppIcon;
				ASSETCATALOG_COMPILER_GLOBAL_ACCENT_COLOR_NAME = AccentColor;
				CODE_SIGN_STYLE = Automatic;
				INFOPLIST_FILE = App/Info.plist;
				IPHONEOS_DEPLOYMENT_TARGET = 9.0;
				LD_RUNPATH_SEARCH_PATHS = (
					"$(inherited)",
					"@executable_path/Frameworks",
				);
				PRODUCT_BUNDLE_IDENTIFIER = com.didi.hummer;
				PRODUCT_NAME = "$(TARGET_NAME)";
				SWIFT_VERSION = 5.0;
				TARGETED_DEVICE_FAMILY = 1;
			};
			name = Release;
		};
		18E3D7CA26CBDDAB003C6C8D /* Debug */ = {
			isa = XCBuildConfiguration;
			buildSettings = {
				BUNDLE_LOADER = "$(TEST_HOST)";
				CODE_SIGN_STYLE = Automatic;
				INFOPLIST_FILE = AppTests/Info.plist;
				IPHONEOS_DEPLOYMENT_TARGET = 14.5;
				LD_RUNPATH_SEARCH_PATHS = (
					"$(inherited)",
					"@executable_path/Frameworks",
					"@loader_path/Frameworks",
				);
				PRODUCT_BUNDLE_IDENTIFIER = com.warmbloom.AppTests;
				PRODUCT_NAME = "$(TARGET_NAME)";
				SWIFT_VERSION = 5.0;
				TARGETED_DEVICE_FAMILY = "1,2";
				TEST_HOST = "$(BUILT_PRODUCTS_DIR)/App.app/App";
			};
			name = Debug;
		};
		18E3D7CB26CBDDAB003C6C8D /* Release */ = {
			isa = XCBuildConfiguration;
			buildSettings = {
				BUNDLE_LOADER = "$(TEST_HOST)";
				CODE_SIGN_STYLE = Automatic;
				INFOPLIST_FILE = AppTests/Info.plist;
				IPHONEOS_DEPLOYMENT_TARGET = 14.5;
				LD_RUNPATH_SEARCH_PATHS = (
					"$(inherited)",
					"@executable_path/Frameworks",
					"@loader_path/Frameworks",
				);
				PRODUCT_BUNDLE_IDENTIFIER = com.warmbloom.AppTests;
				PRODUCT_NAME = "$(TARGET_NAME)";
				SWIFT_VERSION = 5.0;
				TARGETED_DEVICE_FAMILY = "1,2";
				TEST_HOST = "$(BUILT_PRODUCTS_DIR)/App.app/App";
			};
			name = Release;
		};
/* End XCBuildConfiguration section */

/* Begin XCConfigurationList section */
		0AEF33CF2806D3E900516CEE /* Build configuration list for PBXNativeTarget "OCAppTests" */ = {
			isa = XCConfigurationList;
			buildConfigurations = (
				0AEF33CD2806D3E900516CEE /* Debug */,
				0AEF33CE2806D3E900516CEE /* Release */,
			);
			defaultConfigurationIsVisible = 0;
			defaultConfigurationName = Release;
		};
		18E3D79726CBDDAA003C6C8D /* Build configuration list for PBXProject "App" */ = {
			isa = XCConfigurationList;
			buildConfigurations = (
				18E3D7C426CBDDAB003C6C8D /* Debug */,
				18E3D7C526CBDDAB003C6C8D /* Release */,
			);
			defaultConfigurationIsVisible = 0;
			defaultConfigurationName = Release;
		};
		18E3D7C626CBDDAB003C6C8D /* Build configuration list for PBXNativeTarget "App" */ = {
			isa = XCConfigurationList;
			buildConfigurations = (
				18E3D7C726CBDDAB003C6C8D /* Debug */,
				18E3D7C826CBDDAB003C6C8D /* Release */,
			);
			defaultConfigurationIsVisible = 0;
			defaultConfigurationName = Release;
		};
		18E3D7C926CBDDAB003C6C8D /* Build configuration list for PBXNativeTarget "AppTests" */ = {
			isa = XCConfigurationList;
			buildConfigurations = (
				18E3D7CA26CBDDAB003C6C8D /* Debug */,
				18E3D7CB26CBDDAB003C6C8D /* Release */,
			);
			defaultConfigurationIsVisible = 0;
			defaultConfigurationName = Release;
		};
/* End XCConfigurationList section */
	};
	rootObject = 18E3D79426CBDDAA003C6C8D /* Project object */;
}
